// !$*UTF8*$!
{
	archiveVersion = 1;
	classes = {
	};
	objectVersion = 51;
	objects = {

/* Begin PBXBuildFile section */
		4B050D33B5789E7986BF8B71 /* Pods_RandomUser.framework in Frameworks */ = {isa = PBXBuildFile; fileRef = C3814ABA0D549920B9F69914 /* Pods_RandomUser.framework */; };
		6752D811D1B7C518813B6C11 /* Pods_RandomUser_RandomUserUITests.framework in Frameworks */ = {isa = PBXBuildFile; fileRef = 6E6E8905E45AB1ABCCB5305C /* Pods_RandomUser_RandomUserUITests.framework */; };
		9960EFD7A172171D3DA24C20 /* Pods_RandomUserTests.framework in Frameworks */ = {isa = PBXBuildFile; fileRef = 7601B7B71763A462F2F64950 /* Pods_RandomUserTests.framework */; };
		D915C93D24CF122600FECE7D /* LocalStorageService.swift in Sources */ = {isa = PBXBuildFile; fileRef = D915C93C24CF122600FECE7D /* LocalStorageService.swift */; };
		D915C94124CF16AD00FECE7D /* RUser+ CoreData.swift in Sources */ = {isa = PBXBuildFile; fileRef = D915C94024CF16AD00FECE7D /* RUser+ CoreData.swift */; };
		D915C94424CF178C00FECE7D /* Model.xcdatamodeld in Sources */ = {isa = PBXBuildFile; fileRef = D915C94224CF178C00FECE7D /* Model.xcdatamodeld */; };
		D915C94F24D065A700FECE7D /* Icon.swift in Sources */ = {isa = PBXBuildFile; fileRef = D915C94E24D065A700FECE7D /* Icon.swift */; };
		D915C95224D0669B00FECE7D /* Spacing.swift in Sources */ = {isa = PBXBuildFile; fileRef = D915C95124D0669B00FECE7D /* Spacing.swift */; };
		D915C95524D067A900FECE7D /* RFont.swift in Sources */ = {isa = PBXBuildFile; fileRef = D915C95424D067A900FECE7D /* RFont.swift */; };
		D9F8535924CC20BB00722C0B /* AppDelegate.swift in Sources */ = {isa = PBXBuildFile; fileRef = D9F8535824CC20BB00722C0B /* AppDelegate.swift */; };
		D9F8536224CC20C100722C0B /* Assets.xcassets in Resources */ = {isa = PBXBuildFile; fileRef = D9F8536124CC20C100722C0B /* Assets.xcassets */; };
		D9F8537B24CC20C100722C0B /* RandomUserUITests.swift in Sources */ = {isa = PBXBuildFile; fileRef = D9F8537A24CC20C100722C0B /* RandomUserUITests.swift */; };
		D9F8539124CC2A4B00722C0B /* LaunchScreen.storyboard in Resources */ = {isa = PBXBuildFile; fileRef = D9F8536324CC20C100722C0B /* LaunchScreen.storyboard */; };
		D9F8539324CC2AC900722C0B /* SceneDelegate.swift in Sources */ = {isa = PBXBuildFile; fileRef = D9F8539224CC2AC800722C0B /* SceneDelegate.swift */; };
		D9F8539824CC37E600722C0B /* Environment.plist in Resources */ = {isa = PBXBuildFile; fileRef = D9F8539724CC37E600722C0B /* Environment.plist */; };
		D9F8539E24CC3B3800722C0B /* Environment.swift in Sources */ = {isa = PBXBuildFile; fileRef = D9F8539D24CC3B3800722C0B /* Environment.swift */; };
		D9F853A324CC4ACE00722C0B /* AutoMockable.swift in Sources */ = {isa = PBXBuildFile; fileRef = D9F853A224CC4ACE00722C0B /* AutoMockable.swift */; };
		D9F853B124CC4C6A00722C0B /* AutoMockable.generated.swift in Sources */ = {isa = PBXBuildFile; fileRef = D9F853B024CC4C6A00722C0B /* AutoMockable.generated.swift */; };
		D9F853B524CC6A1400722C0B /* list.users.ok.json in Resources */ = {isa = PBXBuildFile; fileRef = D9F853B424CC6A1400722C0B /* list.users.ok.json */; };
		D9F853BA24CC6B5200722C0B /* UserService.swift in Sources */ = {isa = PBXBuildFile; fileRef = D9F853B924CC6B5200722C0B /* UserService.swift */; };
		D9F853BD24CC6DB000722C0B /* Service.swift in Sources */ = {isa = PBXBuildFile; fileRef = D9F853BC24CC6DB000722C0B /* Service.swift */; };
		D9F853C024CC6E9500722C0B /* Endpoint.swift in Sources */ = {isa = PBXBuildFile; fileRef = D9F853BF24CC6E9500722C0B /* Endpoint.swift */; };
		D9F853C624CC6F7500722C0B /* ListUsersEndpoint.swift in Sources */ = {isa = PBXBuildFile; fileRef = D9F853C524CC6F7500722C0B /* ListUsersEndpoint.swift */; };
		D9F853CD24CC710700722C0B /* ListUsersRequest.swift in Sources */ = {isa = PBXBuildFile; fileRef = D9F853CC24CC710700722C0B /* ListUsersRequest.swift */; };
		D9F853D024CC76ED00722C0B /* UserRepository.swift in Sources */ = {isa = PBXBuildFile; fileRef = D9F853CF24CC76ED00722C0B /* UserRepository.swift */; };
		D9F853D324CC773900722C0B /* User.swift in Sources */ = {isa = PBXBuildFile; fileRef = D9F853D224CC773900722C0B /* User.swift */; };
		D9F853D624CC777100722C0B /* UserDataSource.swift in Sources */ = {isa = PBXBuildFile; fileRef = D9F853D524CC777100722C0B /* UserDataSource.swift */; };
		D9F853D924CC77F900722C0B /* UserApiDataSource.swift in Sources */ = {isa = PBXBuildFile; fileRef = D9F853D824CC77F900722C0B /* UserApiDataSource.swift */; };
		D9F853DC24CC788800722C0B /* ListUsersApiResponse.swift in Sources */ = {isa = PBXBuildFile; fileRef = D9F853DB24CC788800722C0B /* ListUsersApiResponse.swift */; };
		D9F853DE24CC799800722C0B /* InfoApiResponse.swift in Sources */ = {isa = PBXBuildFile; fileRef = D9F853DD24CC799800722C0B /* InfoApiResponse.swift */; };
		D9F853E024CC7AF000722C0B /* UserApiResponse.swift in Sources */ = {isa = PBXBuildFile; fileRef = D9F853DF24CC7AF000722C0B /* UserApiResponse.swift */; };
		D9F853E324CC7B5E00722C0B /* UserNameApiResponse.swift in Sources */ = {isa = PBXBuildFile; fileRef = D9F853E224CC7B5E00722C0B /* UserNameApiResponse.swift */; };
		D9F853E524CC7C3F00722C0B /* LocationApiResponse.swift in Sources */ = {isa = PBXBuildFile; fileRef = D9F853E424CC7C3F00722C0B /* LocationApiResponse.swift */; };
		D9F853E724CC7D5100722C0B /* CoordinatesApiResponse.swift in Sources */ = {isa = PBXBuildFile; fileRef = D9F853E624CC7D5100722C0B /* CoordinatesApiResponse.swift */; };
		D9F853E924CC7DBB00722C0B /* StreetApiResponse.swift in Sources */ = {isa = PBXBuildFile; fileRef = D9F853E824CC7DBB00722C0B /* StreetApiResponse.swift */; };
		D9F853EB24CC7E9C00722C0B /* RegisteredApiResponse.swift in Sources */ = {isa = PBXBuildFile; fileRef = D9F853EA24CC7E9C00722C0B /* RegisteredApiResponse.swift */; };
		D9F853ED24CC7F3900722C0B /* PictureApiResponse.swift in Sources */ = {isa = PBXBuildFile; fileRef = D9F853EC24CC7F3900722C0B /* PictureApiResponse.swift */; };
		D9F853F024CC859000722C0B /* CLLocationCoordinate2D+Optional.swift in Sources */ = {isa = PBXBuildFile; fileRef = D9F853EF24CC859000722C0B /* CLLocationCoordinate2D+Optional.swift */; };
		D9F853F224CC867C00722C0B /* String+Date.swift in Sources */ = {isa = PBXBuildFile; fileRef = D9F853F124CC867C00722C0B /* String+Date.swift */; };
		D9F853F524CC890B00722C0B /* ListUserApiToDomainMapper.swift in Sources */ = {isa = PBXBuildFile; fileRef = D9F853F424CC890B00722C0B /* ListUserApiToDomainMapper.swift */; };
		D9F853F724CC8BC600722C0B /* Mappable.swift in Sources */ = {isa = PBXBuildFile; fileRef = D9F853F624CC8BC600722C0B /* Mappable.swift */; };
		D9F853F924CC8D3900722C0B /* ListUsers.swift in Sources */ = {isa = PBXBuildFile; fileRef = D9F853F824CC8D3900722C0B /* ListUsers.swift */; };
		D9F853FF24CC906600722C0B /* UserRepositorySpec.swift in Sources */ = {isa = PBXBuildFile; fileRef = D9F853FE24CC906600722C0B /* UserRepositorySpec.swift */; };
		D9F8540324CC910100722C0B /* Networking.swift in Sources */ = {isa = PBXBuildFile; fileRef = D9F8540224CC910100722C0B /* Networking.swift */; };
		D9F8540624CC933300722C0B /* Moya+Networking.swift in Sources */ = {isa = PBXBuildFile; fileRef = D9F8540524CC933300722C0B /* Moya+Networking.swift */; };
		D9F8540A24CC94A000722C0B /* Fixture.swift in Sources */ = {isa = PBXBuildFile; fileRef = D9F8540924CC94A000722C0B /* Fixture.swift */; };
		D9F8540F24CC96C900722C0B /* TestSetup.swift in Sources */ = {isa = PBXBuildFile; fileRef = D9F8540E24CC96C800722C0B /* TestSetup.swift */; };
		D9F8541324CDACF500722C0B /* ListUsersUseCase.swift in Sources */ = {isa = PBXBuildFile; fileRef = D9F8541224CDACF500722C0B /* ListUsersUseCase.swift */; };
		D9F8541624CDAF9100722C0B /* ListUser.swift in Sources */ = {isa = PBXBuildFile; fileRef = D9F8541524CDAF9000722C0B /* ListUser.swift */; };
		D9F8541B24CDB03400722C0B /* Networking+UseCases.swift in Sources */ = {isa = PBXBuildFile; fileRef = D9F8541A24CDB03400722C0B /* Networking+UseCases.swift */; };
		D9F8541F24CDB0E600722C0B /* ListUserService.swift in Sources */ = {isa = PBXBuildFile; fileRef = D9F8541E24CDB0E600722C0B /* ListUserService.swift */; };
		D9F8542224CDB30500722C0B /* Assembly.swift in Sources */ = {isa = PBXBuildFile; fileRef = D9F8542124CDB30500722C0B /* Assembly.swift */; };
		D9F8542A24CDB8F600722C0B /* Assembly+ListUsers.swift in Sources */ = {isa = PBXBuildFile; fileRef = D9F8542924CDB8F600722C0B /* Assembly+ListUsers.swift */; };
		D9F8542C24CDB96F00722C0B /* ListUsersViewController.swift in Sources */ = {isa = PBXBuildFile; fileRef = D9F8542B24CDB96F00722C0B /* ListUsersViewController.swift */; };
		D9F8542E24CDBB0B00722C0B /* ListUsersInteractor.swift in Sources */ = {isa = PBXBuildFile; fileRef = D9F8542D24CDBB0B00722C0B /* ListUsersInteractor.swift */; };
		D9F8543024CDBB3000722C0B /* ListUsersInteractorDelegate.swift in Sources */ = {isa = PBXBuildFile; fileRef = D9F8542F24CDBB3000722C0B /* ListUsersInteractorDelegate.swift */; };
		D9F8543324CDBBC100722C0B /* DefaultListUsersInteractor.swift in Sources */ = {isa = PBXBuildFile; fileRef = D9F8543224CDBBC100722C0B /* DefaultListUsersInteractor.swift */; };
		D9F8543524CDBCE200722C0B /* ListUsersPresenter.swift in Sources */ = {isa = PBXBuildFile; fileRef = D9F8543424CDBCE200722C0B /* ListUsersPresenter.swift */; };
		D9F8543724CDBD1E00722C0B /* ListUsersUI.swift in Sources */ = {isa = PBXBuildFile; fileRef = D9F8543624CDBD1E00722C0B /* ListUsersUI.swift */; };
		D9F8543A24CDBD8D00722C0B /* DefaultListUsersPresenter.swift in Sources */ = {isa = PBXBuildFile; fileRef = D9F8543924CDBD8D00722C0B /* DefaultListUsersPresenter.swift */; };
		D9F8543C24CDBDCC00722C0B /* ListUsersNavigator.swift in Sources */ = {isa = PBXBuildFile; fileRef = D9F8543B24CDBDCC00722C0B /* ListUsersNavigator.swift */; };
		D9F8543F24CDBDF900722C0B /* DefaultListUsersNavigator.swift in Sources */ = {isa = PBXBuildFile; fileRef = D9F8543E24CDBDF900722C0B /* DefaultListUsersNavigator.swift */; };
		D9F8544124CDD05300722C0B /* ListUsersView.swift in Sources */ = {isa = PBXBuildFile; fileRef = D9F8544024CDD05300722C0B /* ListUsersView.swift */; };
		D9F8544324CDD06500722C0B /* ListsUsersViewDelegate.swift in Sources */ = {isa = PBXBuildFile; fileRef = D9F8544224CDD06500722C0B /* ListsUsersViewDelegate.swift */; };
		D9F8544624CDD17200722C0B /* ListUsersDataSource.swift in Sources */ = {isa = PBXBuildFile; fileRef = D9F8544524CDD17200722C0B /* ListUsersDataSource.swift */; };
		D9F8544924CDD22500722C0B /* DefaultListUsersView.swift in Sources */ = {isa = PBXBuildFile; fileRef = D9F8544824CDD22500722C0B /* DefaultListUsersView.swift */; };
		D9F8544C24CDD2BA00722C0B /* UITableView+Identifeable.swift in Sources */ = {isa = PBXBuildFile; fileRef = D9F8544B24CDD2BA00722C0B /* UITableView+Identifeable.swift */; };
		D9F8544E24CDD39E00722C0B /* ListUserCell.swift in Sources */ = {isa = PBXBuildFile; fileRef = D9F8544D24CDD39E00722C0B /* ListUserCell.swift */; };
		D9F8545024CDD43800722C0B /* ListUsersCellViewModel.swift in Sources */ = {isa = PBXBuildFile; fileRef = D9F8544F24CDD43800722C0B /* ListUsersCellViewModel.swift */; };
		D9F8545424CDD53A00722C0B /* ListUserCellView.swift in Sources */ = {isa = PBXBuildFile; fileRef = D9F8545324CDD53A00722C0B /* ListUserCellView.swift */; };
		D9F8545624CDE72A00722C0B /* UIImageView+Round.swift in Sources */ = {isa = PBXBuildFile; fileRef = D9F8545524CDE72A00722C0B /* UIImageView+Round.swift */; };
		D9F8545824CDEEEC00722C0B /* String+Image.swift in Sources */ = {isa = PBXBuildFile; fileRef = D9F8545724CDEEEC00722C0B /* String+Image.swift */; };
		D9F8545D24CDF0C300722C0B /* UserDetailsViewController.swift in Sources */ = {isa = PBXBuildFile; fileRef = D9F8545C24CDF0C300722C0B /* UserDetailsViewController.swift */; };
		D9F8545F24CDF10E00722C0B /* UserDetailsView.swift in Sources */ = {isa = PBXBuildFile; fileRef = D9F8545E24CDF10E00722C0B /* UserDetailsView.swift */; };
		D9F8546224CDF1D700722C0B /* DefaultUserDetailsView.swift in Sources */ = {isa = PBXBuildFile; fileRef = D9F8546124CDF1D700722C0B /* DefaultUserDetailsView.swift */; };
		D9F8546524CDF21C00722C0B /* MapKitLocationView.swift in Sources */ = {isa = PBXBuildFile; fileRef = D9F8546424CDF21C00722C0B /* MapKitLocationView.swift */; };
		D9F8546924CDFD1900722C0B /* UserDetailsUI.swift in Sources */ = {isa = PBXBuildFile; fileRef = D9F8546824CDFD1900722C0B /* UserDetailsUI.swift */; };
		D9F8546B24CDFD2500722C0B /* UserDetailsPresenter.swift in Sources */ = {isa = PBXBuildFile; fileRef = D9F8546A24CDFD2500722C0B /* UserDetailsPresenter.swift */; };
		D9F8546E24CDFD7200722C0B /* DefaultUserDetailsPresenter.swift in Sources */ = {isa = PBXBuildFile; fileRef = D9F8546D24CDFD7200722C0B /* DefaultUserDetailsPresenter.swift */; };
		D9F8547024CDFE7500722C0B /* Assembly+UserDetails.swift in Sources */ = {isa = PBXBuildFile; fileRef = D9F8546F24CDFE7500722C0B /* Assembly+UserDetails.swift */; };
		D9F8547724CF102600722C0B /* CoreDataService.swift in Sources */ = {isa = PBXBuildFile; fileRef = D9F8547624CF102600722C0B /* CoreDataService.swift */; };
/* End PBXBuildFile section */

/* Begin PBXContainerItemProxy section */
		D9F8536C24CC20C100722C0B /* PBXContainerItemProxy */ = {
			isa = PBXContainerItemProxy;
			containerPortal = D9F8534D24CC20BB00722C0B /* Project object */;
			proxyType = 1;
			remoteGlobalIDString = D9F8535424CC20BB00722C0B;
			remoteInfo = RandomUser;
		};
		D9F8537724CC20C100722C0B /* PBXContainerItemProxy */ = {
			isa = PBXContainerItemProxy;
			containerPortal = D9F8534D24CC20BB00722C0B /* Project object */;
			proxyType = 1;
			remoteGlobalIDString = D9F8535424CC20BB00722C0B;
			remoteInfo = RandomUser;
		};
/* End PBXContainerItemProxy section */

/* Begin PBXFileReference section */
		21081C79A1E412945B7BE230 /* Pods-RandomUser-RandomUserUITests.debug.xcconfig */ = {isa = PBXFileReference; includeInIndex = 1; lastKnownFileType = text.xcconfig; name = "Pods-RandomUser-RandomUserUITests.debug.xcconfig"; path = "Target Support Files/Pods-RandomUser-RandomUserUITests/Pods-RandomUser-RandomUserUITests.debug.xcconfig"; sourceTree = "<group>"; };
		3D5C5347E12EDD5C3B0137E1 /* Pods-RandomUser.debug.xcconfig */ = {isa = PBXFileReference; includeInIndex = 1; lastKnownFileType = text.xcconfig; name = "Pods-RandomUser.debug.xcconfig"; path = "Target Support Files/Pods-RandomUser/Pods-RandomUser.debug.xcconfig"; sourceTree = "<group>"; };
		4703EBDD1ADD28BE66958BD1 /* Pods-RandomUserTests.debug.xcconfig */ = {isa = PBXFileReference; includeInIndex = 1; lastKnownFileType = text.xcconfig; name = "Pods-RandomUserTests.debug.xcconfig"; path = "Target Support Files/Pods-RandomUserTests/Pods-RandomUserTests.debug.xcconfig"; sourceTree = "<group>"; };
		47CD61C1F9C4158C85C31ACC /* Pods-RandomUser.release.xcconfig */ = {isa = PBXFileReference; includeInIndex = 1; lastKnownFileType = text.xcconfig; name = "Pods-RandomUser.release.xcconfig"; path = "Target Support Files/Pods-RandomUser/Pods-RandomUser.release.xcconfig"; sourceTree = "<group>"; };
		6E6E8905E45AB1ABCCB5305C /* Pods_RandomUser_RandomUserUITests.framework */ = {isa = PBXFileReference; explicitFileType = wrapper.framework; includeInIndex = 0; path = Pods_RandomUser_RandomUserUITests.framework; sourceTree = BUILT_PRODUCTS_DIR; };
		7601B7B71763A462F2F64950 /* Pods_RandomUserTests.framework */ = {isa = PBXFileReference; explicitFileType = wrapper.framework; includeInIndex = 0; path = Pods_RandomUserTests.framework; sourceTree = BUILT_PRODUCTS_DIR; };
		7FD2FC40E8DF2DEE2CA91EAF /* Pods-RandomUserTests.release.xcconfig */ = {isa = PBXFileReference; includeInIndex = 1; lastKnownFileType = text.xcconfig; name = "Pods-RandomUserTests.release.xcconfig"; path = "Target Support Files/Pods-RandomUserTests/Pods-RandomUserTests.release.xcconfig"; sourceTree = "<group>"; };
		B4CCC88CCF8229D128F7430D /* Pods-RandomUser-RandomUserUITests.release.xcconfig */ = {isa = PBXFileReference; includeInIndex = 1; lastKnownFileType = text.xcconfig; name = "Pods-RandomUser-RandomUserUITests.release.xcconfig"; path = "Target Support Files/Pods-RandomUser-RandomUserUITests/Pods-RandomUser-RandomUserUITests.release.xcconfig"; sourceTree = "<group>"; };
		C3814ABA0D549920B9F69914 /* Pods_RandomUser.framework */ = {isa = PBXFileReference; explicitFileType = wrapper.framework; includeInIndex = 0; path = Pods_RandomUser.framework; sourceTree = BUILT_PRODUCTS_DIR; };
		D915C93C24CF122600FECE7D /* LocalStorageService.swift */ = {isa = PBXFileReference; lastKnownFileType = sourcecode.swift; path = LocalStorageService.swift; sourceTree = "<group>"; };
		D915C94024CF16AD00FECE7D /* RUser+ CoreData.swift */ = {isa = PBXFileReference; lastKnownFileType = sourcecode.swift; path = "RUser+ CoreData.swift"; sourceTree = "<group>"; };
		D915C94324CF178C00FECE7D /* Model.xcdatamodel */ = {isa = PBXFileReference; lastKnownFileType = wrapper.xcdatamodel; path = Model.xcdatamodel; sourceTree = "<group>"; };
		D915C94E24D065A700FECE7D /* Icon.swift */ = {isa = PBXFileReference; lastKnownFileType = sourcecode.swift; path = Icon.swift; sourceTree = "<group>"; };
		D915C95124D0669B00FECE7D /* Spacing.swift */ = {isa = PBXFileReference; lastKnownFileType = sourcecode.swift; path = Spacing.swift; sourceTree = "<group>"; };
		D915C95424D067A900FECE7D /* RFont.swift */ = {isa = PBXFileReference; lastKnownFileType = sourcecode.swift; path = RFont.swift; sourceTree = "<group>"; };
		D915C95B24D086D800FECE7D /* RandomUser-Bridging-Header.h */ = {isa = PBXFileReference; lastKnownFileType = sourcecode.c.h; path = "RandomUser-Bridging-Header.h"; sourceTree = "<group>"; };
		D9F8535524CC20BB00722C0B /* RandomUser.app */ = {isa = PBXFileReference; explicitFileType = wrapper.application; includeInIndex = 0; path = RandomUser.app; sourceTree = BUILT_PRODUCTS_DIR; };
		D9F8535824CC20BB00722C0B /* AppDelegate.swift */ = {isa = PBXFileReference; lastKnownFileType = sourcecode.swift; path = AppDelegate.swift; sourceTree = "<group>"; };
		D9F8536124CC20C100722C0B /* Assets.xcassets */ = {isa = PBXFileReference; lastKnownFileType = folder.assetcatalog; path = Assets.xcassets; sourceTree = "<group>"; };
		D9F8536424CC20C100722C0B /* Base */ = {isa = PBXFileReference; lastKnownFileType = file.storyboard; name = Base; path = Base.lproj/LaunchScreen.storyboard; sourceTree = "<group>"; };
		D9F8536624CC20C100722C0B /* Info.plist */ = {isa = PBXFileReference; lastKnownFileType = text.plist.xml; path = Info.plist; sourceTree = "<group>"; };
		D9F8536B24CC20C100722C0B /* RandomUserTests.xctest */ = {isa = PBXFileReference; explicitFileType = wrapper.cfbundle; includeInIndex = 0; path = RandomUserTests.xctest; sourceTree = BUILT_PRODUCTS_DIR; };
		D9F8537124CC20C100722C0B /* Info.plist */ = {isa = PBXFileReference; lastKnownFileType = text.plist.xml; path = Info.plist; sourceTree = "<group>"; };
		D9F8537624CC20C100722C0B /* RandomUserUITests.xctest */ = {isa = PBXFileReference; explicitFileType = wrapper.cfbundle; includeInIndex = 0; path = RandomUserUITests.xctest; sourceTree = BUILT_PRODUCTS_DIR; };
		D9F8537A24CC20C100722C0B /* RandomUserUITests.swift */ = {isa = PBXFileReference; lastKnownFileType = sourcecode.swift; path = RandomUserUITests.swift; sourceTree = "<group>"; };
		D9F8537C24CC20C100722C0B /* Info.plist */ = {isa = PBXFileReference; lastKnownFileType = text.plist.xml; path = Info.plist; sourceTree = "<group>"; };
		D9F8539224CC2AC800722C0B /* SceneDelegate.swift */ = {isa = PBXFileReference; fileEncoding = 4; lastKnownFileType = sourcecode.swift; path = SceneDelegate.swift; sourceTree = "<group>"; };
		D9F8539724CC37E600722C0B /* Environment.plist */ = {isa = PBXFileReference; lastKnownFileType = text.plist.xml; path = Environment.plist; sourceTree = "<group>"; };
		D9F8539D24CC3B3800722C0B /* Environment.swift */ = {isa = PBXFileReference; lastKnownFileType = sourcecode.swift; path = Environment.swift; sourceTree = "<group>"; };
		D9F853A224CC4ACE00722C0B /* AutoMockable.swift */ = {isa = PBXFileReference; lastKnownFileType = sourcecode.swift; path = AutoMockable.swift; sourceTree = "<group>"; };
		D9F853B024CC4C6A00722C0B /* AutoMockable.generated.swift */ = {isa = PBXFileReference; fileEncoding = 4; lastKnownFileType = sourcecode.swift; path = AutoMockable.generated.swift; sourceTree = "<group>"; };
		D9F853B424CC6A1400722C0B /* list.users.ok.json */ = {isa = PBXFileReference; lastKnownFileType = text.json; path = list.users.ok.json; sourceTree = "<group>"; };
		D9F853B924CC6B5200722C0B /* UserService.swift */ = {isa = PBXFileReference; lastKnownFileType = sourcecode.swift; path = UserService.swift; sourceTree = "<group>"; };
		D9F853BC24CC6DB000722C0B /* Service.swift */ = {isa = PBXFileReference; lastKnownFileType = sourcecode.swift; path = Service.swift; sourceTree = "<group>"; };
		D9F853BF24CC6E9500722C0B /* Endpoint.swift */ = {isa = PBXFileReference; lastKnownFileType = sourcecode.swift; path = Endpoint.swift; sourceTree = "<group>"; };
		D9F853C524CC6F7500722C0B /* ListUsersEndpoint.swift */ = {isa = PBXFileReference; lastKnownFileType = sourcecode.swift; path = ListUsersEndpoint.swift; sourceTree = "<group>"; };
		D9F853CC24CC710700722C0B /* ListUsersRequest.swift */ = {isa = PBXFileReference; lastKnownFileType = sourcecode.swift; path = ListUsersRequest.swift; sourceTree = "<group>"; };
		D9F853CF24CC76ED00722C0B /* UserRepository.swift */ = {isa = PBXFileReference; lastKnownFileType = sourcecode.swift; path = UserRepository.swift; sourceTree = "<group>"; };
		D9F853D224CC773900722C0B /* User.swift */ = {isa = PBXFileReference; lastKnownFileType = sourcecode.swift; path = User.swift; sourceTree = "<group>"; };
		D9F853D524CC777100722C0B /* UserDataSource.swift */ = {isa = PBXFileReference; lastKnownFileType = sourcecode.swift; path = UserDataSource.swift; sourceTree = "<group>"; };
		D9F853D824CC77F900722C0B /* UserApiDataSource.swift */ = {isa = PBXFileReference; lastKnownFileType = sourcecode.swift; path = UserApiDataSource.swift; sourceTree = "<group>"; };
		D9F853DB24CC788800722C0B /* ListUsersApiResponse.swift */ = {isa = PBXFileReference; lastKnownFileType = sourcecode.swift; path = ListUsersApiResponse.swift; sourceTree = "<group>"; };
		D9F853DD24CC799800722C0B /* InfoApiResponse.swift */ = {isa = PBXFileReference; lastKnownFileType = sourcecode.swift; path = InfoApiResponse.swift; sourceTree = "<group>"; };
		D9F853DF24CC7AF000722C0B /* UserApiResponse.swift */ = {isa = PBXFileReference; lastKnownFileType = sourcecode.swift; path = UserApiResponse.swift; sourceTree = "<group>"; };
		D9F853E224CC7B5E00722C0B /* UserNameApiResponse.swift */ = {isa = PBXFileReference; lastKnownFileType = sourcecode.swift; path = UserNameApiResponse.swift; sourceTree = "<group>"; };
		D9F853E424CC7C3F00722C0B /* LocationApiResponse.swift */ = {isa = PBXFileReference; lastKnownFileType = sourcecode.swift; path = LocationApiResponse.swift; sourceTree = "<group>"; };
		D9F853E624CC7D5100722C0B /* CoordinatesApiResponse.swift */ = {isa = PBXFileReference; lastKnownFileType = sourcecode.swift; path = CoordinatesApiResponse.swift; sourceTree = "<group>"; };
		D9F853E824CC7DBB00722C0B /* StreetApiResponse.swift */ = {isa = PBXFileReference; lastKnownFileType = sourcecode.swift; path = StreetApiResponse.swift; sourceTree = "<group>"; };
		D9F853EA24CC7E9C00722C0B /* RegisteredApiResponse.swift */ = {isa = PBXFileReference; lastKnownFileType = sourcecode.swift; path = RegisteredApiResponse.swift; sourceTree = "<group>"; };
		D9F853EC24CC7F3900722C0B /* PictureApiResponse.swift */ = {isa = PBXFileReference; lastKnownFileType = sourcecode.swift; path = PictureApiResponse.swift; sourceTree = "<group>"; };
		D9F853EF24CC859000722C0B /* CLLocationCoordinate2D+Optional.swift */ = {isa = PBXFileReference; lastKnownFileType = sourcecode.swift; path = "CLLocationCoordinate2D+Optional.swift"; sourceTree = "<group>"; };
		D9F853F124CC867C00722C0B /* String+Date.swift */ = {isa = PBXFileReference; lastKnownFileType = sourcecode.swift; path = "String+Date.swift"; sourceTree = "<group>"; };
		D9F853F424CC890B00722C0B /* ListUserApiToDomainMapper.swift */ = {isa = PBXFileReference; lastKnownFileType = sourcecode.swift; path = ListUserApiToDomainMapper.swift; sourceTree = "<group>"; };
		D9F853F624CC8BC600722C0B /* Mappable.swift */ = {isa = PBXFileReference; lastKnownFileType = sourcecode.swift; path = Mappable.swift; sourceTree = "<group>"; };
		D9F853F824CC8D3900722C0B /* ListUsers.swift */ = {isa = PBXFileReference; lastKnownFileType = sourcecode.swift; path = ListUsers.swift; sourceTree = "<group>"; };
		D9F853FE24CC906600722C0B /* UserRepositorySpec.swift */ = {isa = PBXFileReference; lastKnownFileType = sourcecode.swift; path = UserRepositorySpec.swift; sourceTree = "<group>"; };
		D9F8540224CC910100722C0B /* Networking.swift */ = {isa = PBXFileReference; lastKnownFileType = sourcecode.swift; path = Networking.swift; sourceTree = "<group>"; };
		D9F8540524CC933300722C0B /* Moya+Networking.swift */ = {isa = PBXFileReference; lastKnownFileType = sourcecode.swift; path = "Moya+Networking.swift"; sourceTree = "<group>"; };
		D9F8540924CC94A000722C0B /* Fixture.swift */ = {isa = PBXFileReference; lastKnownFileType = sourcecode.swift; path = Fixture.swift; sourceTree = "<group>"; };
		D9F8540E24CC96C800722C0B /* TestSetup.swift */ = {isa = PBXFileReference; lastKnownFileType = sourcecode.swift; path = TestSetup.swift; sourceTree = "<group>"; };
		D9F8541224CDACF500722C0B /* ListUsersUseCase.swift */ = {isa = PBXFileReference; lastKnownFileType = sourcecode.swift; path = ListUsersUseCase.swift; sourceTree = "<group>"; };
		D9F8541524CDAF9000722C0B /* ListUser.swift */ = {isa = PBXFileReference; lastKnownFileType = sourcecode.swift; path = ListUser.swift; sourceTree = "<group>"; };
		D9F8541A24CDB03400722C0B /* Networking+UseCases.swift */ = {isa = PBXFileReference; lastKnownFileType = sourcecode.swift; path = "Networking+UseCases.swift"; sourceTree = "<group>"; };
		D9F8541E24CDB0E600722C0B /* ListUserService.swift */ = {isa = PBXFileReference; lastKnownFileType = sourcecode.swift; path = ListUserService.swift; sourceTree = "<group>"; };
		D9F8542124CDB30500722C0B /* Assembly.swift */ = {isa = PBXFileReference; lastKnownFileType = sourcecode.swift; path = Assembly.swift; sourceTree = "<group>"; };
		D9F8542924CDB8F600722C0B /* Assembly+ListUsers.swift */ = {isa = PBXFileReference; lastKnownFileType = sourcecode.swift; path = "Assembly+ListUsers.swift"; sourceTree = "<group>"; };
		D9F8542B24CDB96F00722C0B /* ListUsersViewController.swift */ = {isa = PBXFileReference; lastKnownFileType = sourcecode.swift; path = ListUsersViewController.swift; sourceTree = "<group>"; };
		D9F8542D24CDBB0B00722C0B /* ListUsersInteractor.swift */ = {isa = PBXFileReference; lastKnownFileType = sourcecode.swift; path = ListUsersInteractor.swift; sourceTree = "<group>"; };
		D9F8542F24CDBB3000722C0B /* ListUsersInteractorDelegate.swift */ = {isa = PBXFileReference; lastKnownFileType = sourcecode.swift; path = ListUsersInteractorDelegate.swift; sourceTree = "<group>"; };
		D9F8543224CDBBC100722C0B /* DefaultListUsersInteractor.swift */ = {isa = PBXFileReference; lastKnownFileType = sourcecode.swift; path = DefaultListUsersInteractor.swift; sourceTree = "<group>"; };
		D9F8543424CDBCE200722C0B /* ListUsersPresenter.swift */ = {isa = PBXFileReference; lastKnownFileType = sourcecode.swift; path = ListUsersPresenter.swift; sourceTree = "<group>"; };
		D9F8543624CDBD1E00722C0B /* ListUsersUI.swift */ = {isa = PBXFileReference; lastKnownFileType = sourcecode.swift; path = ListUsersUI.swift; sourceTree = "<group>"; };
		D9F8543924CDBD8D00722C0B /* DefaultListUsersPresenter.swift */ = {isa = PBXFileReference; lastKnownFileType = sourcecode.swift; path = DefaultListUsersPresenter.swift; sourceTree = "<group>"; };
		D9F8543B24CDBDCC00722C0B /* ListUsersNavigator.swift */ = {isa = PBXFileReference; lastKnownFileType = sourcecode.swift; path = ListUsersNavigator.swift; sourceTree = "<group>"; };
		D9F8543E24CDBDF900722C0B /* DefaultListUsersNavigator.swift */ = {isa = PBXFileReference; lastKnownFileType = sourcecode.swift; path = DefaultListUsersNavigator.swift; sourceTree = "<group>"; };
		D9F8544024CDD05300722C0B /* ListUsersView.swift */ = {isa = PBXFileReference; lastKnownFileType = sourcecode.swift; path = ListUsersView.swift; sourceTree = "<group>"; };
		D9F8544224CDD06500722C0B /* ListsUsersViewDelegate.swift */ = {isa = PBXFileReference; lastKnownFileType = sourcecode.swift; path = ListsUsersViewDelegate.swift; sourceTree = "<group>"; };
		D9F8544524CDD17200722C0B /* ListUsersDataSource.swift */ = {isa = PBXFileReference; lastKnownFileType = sourcecode.swift; path = ListUsersDataSource.swift; sourceTree = "<group>"; };
		D9F8544824CDD22500722C0B /* DefaultListUsersView.swift */ = {isa = PBXFileReference; lastKnownFileType = sourcecode.swift; path = DefaultListUsersView.swift; sourceTree = "<group>"; };
		D9F8544B24CDD2BA00722C0B /* UITableView+Identifeable.swift */ = {isa = PBXFileReference; lastKnownFileType = sourcecode.swift; path = "UITableView+Identifeable.swift"; sourceTree = "<group>"; };
		D9F8544D24CDD39E00722C0B /* ListUserCell.swift */ = {isa = PBXFileReference; lastKnownFileType = sourcecode.swift; path = ListUserCell.swift; sourceTree = "<group>"; };
		D9F8544F24CDD43800722C0B /* ListUsersCellViewModel.swift */ = {isa = PBXFileReference; lastKnownFileType = sourcecode.swift; path = ListUsersCellViewModel.swift; sourceTree = "<group>"; };
		D9F8545324CDD53A00722C0B /* ListUserCellView.swift */ = {isa = PBXFileReference; lastKnownFileType = sourcecode.swift; path = ListUserCellView.swift; sourceTree = "<group>"; };
		D9F8545524CDE72A00722C0B /* UIImageView+Round.swift */ = {isa = PBXFileReference; lastKnownFileType = sourcecode.swift; path = "UIImageView+Round.swift"; sourceTree = "<group>"; };
		D9F8545724CDEEEC00722C0B /* String+Image.swift */ = {isa = PBXFileReference; lastKnownFileType = sourcecode.swift; path = "String+Image.swift"; sourceTree = "<group>"; };
		D9F8545C24CDF0C300722C0B /* UserDetailsViewController.swift */ = {isa = PBXFileReference; lastKnownFileType = sourcecode.swift; path = UserDetailsViewController.swift; sourceTree = "<group>"; };
		D9F8545E24CDF10E00722C0B /* UserDetailsView.swift */ = {isa = PBXFileReference; lastKnownFileType = sourcecode.swift; path = UserDetailsView.swift; sourceTree = "<group>"; };
		D9F8546124CDF1D700722C0B /* DefaultUserDetailsView.swift */ = {isa = PBXFileReference; lastKnownFileType = sourcecode.swift; path = DefaultUserDetailsView.swift; sourceTree = "<group>"; };
		D9F8546424CDF21C00722C0B /* MapKitLocationView.swift */ = {isa = PBXFileReference; lastKnownFileType = sourcecode.swift; path = MapKitLocationView.swift; sourceTree = "<group>"; };
		D9F8546824CDFD1900722C0B /* UserDetailsUI.swift */ = {isa = PBXFileReference; lastKnownFileType = sourcecode.swift; path = UserDetailsUI.swift; sourceTree = "<group>"; };
		D9F8546A24CDFD2500722C0B /* UserDetailsPresenter.swift */ = {isa = PBXFileReference; lastKnownFileType = sourcecode.swift; path = UserDetailsPresenter.swift; sourceTree = "<group>"; };
		D9F8546D24CDFD7200722C0B /* DefaultUserDetailsPresenter.swift */ = {isa = PBXFileReference; lastKnownFileType = sourcecode.swift; path = DefaultUserDetailsPresenter.swift; sourceTree = "<group>"; };
		D9F8546F24CDFE7500722C0B /* Assembly+UserDetails.swift */ = {isa = PBXFileReference; lastKnownFileType = sourcecode.swift; path = "Assembly+UserDetails.swift"; sourceTree = "<group>"; };
		D9F8547624CF102600722C0B /* CoreDataService.swift */ = {isa = PBXFileReference; lastKnownFileType = sourcecode.swift; path = CoreDataService.swift; sourceTree = "<group>"; };
/* End PBXFileReference section */

/* Begin PBXFrameworksBuildPhase section */
		D9F8535224CC20BB00722C0B /* Frameworks */ = {
			isa = PBXFrameworksBuildPhase;
			buildActionMask = 2147483647;
			files = (
				4B050D33B5789E7986BF8B71 /* Pods_RandomUser.framework in Frameworks */,
			);
			runOnlyForDeploymentPostprocessing = 0;
		};
		D9F8536824CC20C100722C0B /* Frameworks */ = {
			isa = PBXFrameworksBuildPhase;
			buildActionMask = 2147483647;
			files = (
				9960EFD7A172171D3DA24C20 /* Pods_RandomUserTests.framework in Frameworks */,
			);
			runOnlyForDeploymentPostprocessing = 0;
		};
		D9F8537324CC20C100722C0B /* Frameworks */ = {
			isa = PBXFrameworksBuildPhase;
			buildActionMask = 2147483647;
			files = (
				6752D811D1B7C518813B6C11 /* Pods_RandomUser_RandomUserUITests.framework in Frameworks */,
			);
			runOnlyForDeploymentPostprocessing = 0;
		};
/* End PBXFrameworksBuildPhase section */

/* Begin PBXGroup section */
		C6F25C72A2E30D81B85F0BB9 /* Frameworks */ = {
			isa = PBXGroup;
			children = (
				C3814ABA0D549920B9F69914 /* Pods_RandomUser.framework */,
				6E6E8905E45AB1ABCCB5305C /* Pods_RandomUser_RandomUserUITests.framework */,
				7601B7B71763A462F2F64950 /* Pods_RandomUserTests.framework */,
			);
			name = Frameworks;
			sourceTree = "<group>";
		};
		D0991CDFAC8B5F7EB749C777 /* Pods */ = {
			isa = PBXGroup;
			children = (
				3D5C5347E12EDD5C3B0137E1 /* Pods-RandomUser.debug.xcconfig */,
				47CD61C1F9C4158C85C31ACC /* Pods-RandomUser.release.xcconfig */,
				21081C79A1E412945B7BE230 /* Pods-RandomUser-RandomUserUITests.debug.xcconfig */,
				B4CCC88CCF8229D128F7430D /* Pods-RandomUser-RandomUserUITests.release.xcconfig */,
				4703EBDD1ADD28BE66958BD1 /* Pods-RandomUserTests.debug.xcconfig */,
				7FD2FC40E8DF2DEE2CA91EAF /* Pods-RandomUserTests.release.xcconfig */,
			);
			path = Pods;
			sourceTree = "<group>";
		};
		D915C93B24CF120C00FECE7D /* CoreData */ = {
			isa = PBXGroup;
			children = (
				D915C93F24CF169200FECE7D /* Model */,
				D9F8547624CF102600722C0B /* CoreDataService.swift */,
			);
			path = CoreData;
			sourceTree = "<group>";
		};
		D915C93F24CF169200FECE7D /* Model */ = {
			isa = PBXGroup;
			children = (
				D915C94024CF16AD00FECE7D /* RUser+ CoreData.swift */,
				D915C94224CF178C00FECE7D /* Model.xcdatamodeld */,
			);
			path = Model;
			sourceTree = "<group>";
		};
		D915C94524D0645E00FECE7D /* Desing System */ = {
			isa = PBXGroup;
			children = (
				D915C94C24D0658A00FECE7D /* Components */,
				D915C94824D064E100FECE7D /* Resources */,
			);
			path = "Desing System";
			sourceTree = "<group>";
		};
		D915C94824D064E100FECE7D /* Resources */ = {
			isa = PBXGroup;
			children = (
				D9F8536124CC20C100722C0B /* Assets.xcassets */,
			);
			path = Resources;
			sourceTree = "<group>";
		};
		D915C94C24D0658A00FECE7D /* Components */ = {
			isa = PBXGroup;
			children = (
				D915C95324D0675800FECE7D /* Font */,
				D915C95024D0668B00FECE7D /* Spacing */,
				D915C94D24D0659600FECE7D /* Icons */,
			);
			path = Components;
			sourceTree = "<group>";
		};
		D915C94D24D0659600FECE7D /* Icons */ = {
			isa = PBXGroup;
			children = (
				D915C94E24D065A700FECE7D /* Icon.swift */,
			);
			path = Icons;
			sourceTree = "<group>";
		};
		D915C95024D0668B00FECE7D /* Spacing */ = {
			isa = PBXGroup;
			children = (
				D915C95124D0669B00FECE7D /* Spacing.swift */,
			);
			path = Spacing;
			sourceTree = "<group>";
		};
		D915C95324D0675800FECE7D /* Font */ = {
			isa = PBXGroup;
			children = (
				D915C95424D067A900FECE7D /* RFont.swift */,
			);
			path = Font;
			sourceTree = "<group>";
		};
		D9F8534C24CC20BB00722C0B = {
			isa = PBXGroup;
			children = (
				D9F8535724CC20BB00722C0B /* RandomUser */,
				D9F8536E24CC20C100722C0B /* RandomUserTests */,
				D9F8537924CC20C100722C0B /* RandomUserUITests */,
				D9F8535624CC20BB00722C0B /* Products */,
				D0991CDFAC8B5F7EB749C777 /* Pods */,
				C6F25C72A2E30D81B85F0BB9 /* Frameworks */,
			);
			sourceTree = "<group>";
		};
		D9F8535624CC20BB00722C0B /* Products */ = {
			isa = PBXGroup;
			children = (
				D9F8535524CC20BB00722C0B /* RandomUser.app */,
				D9F8536B24CC20C100722C0B /* RandomUserTests.xctest */,
				D9F8537624CC20C100722C0B /* RandomUserUITests.xctest */,
			);
			name = Products;
			sourceTree = "<group>";
		};
		D9F8535724CC20BB00722C0B /* RandomUser */ = {
			isa = PBXGroup;
			children = (
				D9F8538A24CC267D00722C0B /* App */,
				D9F8541C24CDB0A300722C0B /* Service */,
				D9F8538B24CC268A00722C0B /* Features */,
				D9F8539C24CC3B1F00722C0B /* Networking */,
				D915C94524D0645E00FECE7D /* Desing System */,
			);
			path = RandomUser;
			sourceTree = "<group>";
		};
		D9F8536E24CC20C100722C0B /* RandomUserTests */ = {
			isa = PBXGroup;
			children = (
				D9F853FD24CC902C00722C0B /* NetworkLayer */,
				D9F853AF24CC4C6A00722C0B /* AutoMockable */,
				D9F8537124CC20C100722C0B /* Info.plist */,
			);
			path = RandomUserTests;
			sourceTree = "<group>";
		};
		D9F8537924CC20C100722C0B /* RandomUserUITests */ = {
			isa = PBXGroup;
			children = (
				D9F8537A24CC20C100722C0B /* RandomUserUITests.swift */,
				D9F8537C24CC20C100722C0B /* Info.plist */,
			);
			path = RandomUserUITests;
			sourceTree = "<group>";
		};
		D9F8538A24CC267D00722C0B /* App */ = {
			isa = PBXGroup;
			children = (
				D9F8535824CC20BB00722C0B /* AppDelegate.swift */,
				D9F8539224CC2AC800722C0B /* SceneDelegate.swift */,
				D9F8536324CC20C100722C0B /* LaunchScreen.storyboard */,
				D9F8536624CC20C100722C0B /* Info.plist */,
				D9F853A024CC4AB300722C0B /* Infrastucture */,
				D915C95B24D086D800FECE7D /* RandomUser-Bridging-Header.h */,
			);
			path = App;
			sourceTree = "<group>";
		};
		D9F8538B24CC268A00722C0B /* Features */ = {
			isa = PBXGroup;
			children = (
				D9F8542324CDB86600722C0B /* ListUsers */,
				D9F8545924CDF03000722C0B /* UserDetails */,
			);
			path = Features;
			sourceTree = "<group>";
		};
		D9F8539B24CC3AFE00722C0B /* Environment */ = {
			isa = PBXGroup;
			children = (
				D9F8539724CC37E600722C0B /* Environment.plist */,
				D9F8539D24CC3B3800722C0B /* Environment.swift */,
			);
			path = Environment;
			sourceTree = "<group>";
		};
		D9F8539C24CC3B1F00722C0B /* Networking */ = {
			isa = PBXGroup;
			children = (
				D9F8540424CC917900722C0B /* Application */,
				D9F853C724CC708E00722C0B /* Domain */,
				D9F853B624CC6AE000722C0B /* Data */,
				D9F853BB24CC6D9700722C0B /* Infrasctruture */,
			);
			path = Networking;
			sourceTree = "<group>";
		};
		D9F853A024CC4AB300722C0B /* Infrastucture */ = {
			isa = PBXGroup;
			children = (
				D9F8542024CDB2D100722C0B /* Assembly */,
				D9F853EE24CC857300722C0B /* Extension */,
				D9F853A124CC4AC200722C0B /* AutoMockable */,
			);
			path = Infrastucture;
			sourceTree = "<group>";
		};
		D9F853A124CC4AC200722C0B /* AutoMockable */ = {
			isa = PBXGroup;
			children = (
				D9F853A224CC4ACE00722C0B /* AutoMockable.swift */,
			);
			path = AutoMockable;
			sourceTree = "<group>";
		};
		D9F853AF24CC4C6A00722C0B /* AutoMockable */ = {
			isa = PBXGroup;
			children = (
				D9F853B024CC4C6A00722C0B /* AutoMockable.generated.swift */,
			);
			path = AutoMockable;
			sourceTree = "<group>";
		};
		D9F853B224CC69FB00722C0B /* ListUser */ = {
			isa = PBXGroup;
			children = (
				D9F853B324CC6A0100722C0B /* Fixture */,
				D9F853FE24CC906600722C0B /* UserRepositorySpec.swift */,
			);
			path = ListUser;
			sourceTree = "<group>";
		};
		D9F853B324CC6A0100722C0B /* Fixture */ = {
			isa = PBXGroup;
			children = (
				D9F853B424CC6A1400722C0B /* list.users.ok.json */,
			);
			path = Fixture;
			sourceTree = "<group>";
		};
		D9F853B624CC6AE000722C0B /* Data */ = {
			isa = PBXGroup;
			children = (
				D9F853B724CC6B0100722C0B /* User */,
			);
			path = Data;
			sourceTree = "<group>";
		};
		D9F853B724CC6B0100722C0B /* User */ = {
			isa = PBXGroup;
			children = (
				D9F853CE24CC76A800722C0B /* Repository */,
				D9F853B824CC6B1900722C0B /* Service */,
			);
			path = User;
			sourceTree = "<group>";
		};
		D9F853B824CC6B1900722C0B /* Service */ = {
			isa = PBXGroup;
			children = (
				D9F853B924CC6B5200722C0B /* UserService.swift */,
				D9F853C424CC6F5700722C0B /* Endpoint */,
			);
			path = Service;
			sourceTree = "<group>";
		};
		D9F853BB24CC6D9700722C0B /* Infrasctruture */ = {
			isa = PBXGroup;
			children = (
				D9F8540124CC90ED00722C0B /* Networking */,
				D9F8539B24CC3AFE00722C0B /* Environment */,
				D9F853BC24CC6DB000722C0B /* Service.swift */,
				D9F853BF24CC6E9500722C0B /* Endpoint.swift */,
				D9F853F624CC8BC600722C0B /* Mappable.swift */,
				D9F8540524CC933300722C0B /* Moya+Networking.swift */,
			);
			path = Infrasctruture;
			sourceTree = "<group>";
		};
		D9F853C424CC6F5700722C0B /* Endpoint */ = {
			isa = PBXGroup;
			children = (
				D9F853C524CC6F7500722C0B /* ListUsersEndpoint.swift */,
			);
			path = Endpoint;
			sourceTree = "<group>";
		};
		D9F853C724CC708E00722C0B /* Domain */ = {
			isa = PBXGroup;
			children = (
				D9F8541024CDACBE00722C0B /* Use Cases */,
				D9F853C824CC70BE00722C0B /* Model */,
			);
			path = Domain;
			sourceTree = "<group>";
		};
		D9F853C824CC70BE00722C0B /* Model */ = {
			isa = PBXGroup;
			children = (
				D9F853C924CC70DC00722C0B /* User */,
			);
			path = Model;
			sourceTree = "<group>";
		};
		D9F853C924CC70DC00722C0B /* User */ = {
			isa = PBXGroup;
			children = (
				D9F853CB24CC70FC00722C0B /* Request */,
				D9F853D124CC771F00722C0B /* Entity */,
			);
			path = User;
			sourceTree = "<group>";
		};
		D9F853CB24CC70FC00722C0B /* Request */ = {
			isa = PBXGroup;
			children = (
				D9F853CC24CC710700722C0B /* ListUsersRequest.swift */,
			);
			path = Request;
			sourceTree = "<group>";
		};
		D9F853CE24CC76A800722C0B /* Repository */ = {
			isa = PBXGroup;
			children = (
				D9F853CF24CC76ED00722C0B /* UserRepository.swift */,
				D9F853D424CC775800722C0B /* DataSource */,
			);
			path = Repository;
			sourceTree = "<group>";
		};
		D9F853D124CC771F00722C0B /* Entity */ = {
			isa = PBXGroup;
			children = (
				D9F853D224CC773900722C0B /* User.swift */,
				D9F853F824CC8D3900722C0B /* ListUsers.swift */,
			);
			path = Entity;
			sourceTree = "<group>";
		};
		D9F853D424CC775800722C0B /* DataSource */ = {
			isa = PBXGroup;
			children = (
				D9F853D524CC777100722C0B /* UserDataSource.swift */,
				D9F853D724CC77DF00722C0B /* Api */,
			);
			path = DataSource;
			sourceTree = "<group>";
		};
		D9F853D724CC77DF00722C0B /* Api */ = {
			isa = PBXGroup;
			children = (
				D9F853D824CC77F900722C0B /* UserApiDataSource.swift */,
				D9F853DA24CC786A00722C0B /* Model */,
				D9F853F324CC88C700722C0B /* Mapper */,
			);
			path = Api;
			sourceTree = "<group>";
		};
		D9F853DA24CC786A00722C0B /* Model */ = {
			isa = PBXGroup;
			children = (
				D9F853DB24CC788800722C0B /* ListUsersApiResponse.swift */,
				D9F853DF24CC7AF000722C0B /* UserApiResponse.swift */,
				D9F853E124CC7AFE00722C0B /* User */,
				D9F853DD24CC799800722C0B /* InfoApiResponse.swift */,
			);
			path = Model;
			sourceTree = "<group>";
		};
		D9F853E124CC7AFE00722C0B /* User */ = {
			isa = PBXGroup;
			children = (
				D9F853E224CC7B5E00722C0B /* UserNameApiResponse.swift */,
				D9F853E424CC7C3F00722C0B /* LocationApiResponse.swift */,
				D9F853E624CC7D5100722C0B /* CoordinatesApiResponse.swift */,
				D9F853E824CC7DBB00722C0B /* StreetApiResponse.swift */,
				D9F853EA24CC7E9C00722C0B /* RegisteredApiResponse.swift */,
				D9F853EC24CC7F3900722C0B /* PictureApiResponse.swift */,
			);
			path = User;
			sourceTree = "<group>";
		};
		D9F853EE24CC857300722C0B /* Extension */ = {
			isa = PBXGroup;
			children = (
				D9F853EF24CC859000722C0B /* CLLocationCoordinate2D+Optional.swift */,
				D9F853F124CC867C00722C0B /* String+Date.swift */,
				D9F8544B24CDD2BA00722C0B /* UITableView+Identifeable.swift */,
				D9F8545524CDE72A00722C0B /* UIImageView+Round.swift */,
				D9F8545724CDEEEC00722C0B /* String+Image.swift */,
			);
			path = Extension;
			sourceTree = "<group>";
		};
		D9F853F324CC88C700722C0B /* Mapper */ = {
			isa = PBXGroup;
			children = (
				D9F853F424CC890B00722C0B /* ListUserApiToDomainMapper.swift */,
			);
			path = Mapper;
			sourceTree = "<group>";
		};
		D9F853FD24CC902C00722C0B /* NetworkLayer */ = {
			isa = PBXGroup;
			children = (
				D9F8540C24CC96A900722C0B /* TestSetup */,
				D9F8540724CC947200722C0B /* Data */,
				D9F8540824CC947E00722C0B /* Infrastructure */,
			);
			path = NetworkLayer;
			sourceTree = "<group>";
		};
		D9F8540124CC90ED00722C0B /* Networking */ = {
			isa = PBXGroup;
			children = (
				D9F8540224CC910100722C0B /* Networking.swift */,
			);
			path = Networking;
			sourceTree = "<group>";
		};
		D9F8540424CC917900722C0B /* Application */ = {
			isa = PBXGroup;
			children = (
				D9F8541824CDB00600722C0B /* Infrastucture */,
				D9F8541724CDAFFE00722C0B /* Aplication */,
			);
			path = Application;
			sourceTree = "<group>";
		};
		D9F8540724CC947200722C0B /* Data */ = {
			isa = PBXGroup;
			children = (
				D9F853B224CC69FB00722C0B /* ListUser */,
			);
			path = Data;
			sourceTree = "<group>";
		};
		D9F8540824CC947E00722C0B /* Infrastructure */ = {
			isa = PBXGroup;
			children = (
				D9F8540924CC94A000722C0B /* Fixture.swift */,
			);
			path = Infrastructure;
			sourceTree = "<group>";
		};
		D9F8540C24CC96A900722C0B /* TestSetup */ = {
			isa = PBXGroup;
			children = (
				D9F8540E24CC96C800722C0B /* TestSetup.swift */,
			);
			path = TestSetup;
			sourceTree = "<group>";
		};
		D9F8541024CDACBE00722C0B /* Use Cases */ = {
			isa = PBXGroup;
			children = (
				D9F8541124CDACDF00722C0B /* User */,
			);
			path = "Use Cases";
			sourceTree = "<group>";
		};
		D9F8541124CDACDF00722C0B /* User */ = {
			isa = PBXGroup;
			children = (
				D9F8541224CDACF500722C0B /* ListUsersUseCase.swift */,
			);
			path = User;
			sourceTree = "<group>";
		};
		D9F8541424CDAF6F00722C0B /* User */ = {
			isa = PBXGroup;
			children = (
				D9F8541524CDAF9000722C0B /* ListUser.swift */,
			);
			path = User;
			sourceTree = "<group>";
		};
		D9F8541724CDAFFE00722C0B /* Aplication */ = {
			isa = PBXGroup;
			children = (
				D9F8541424CDAF6F00722C0B /* User */,
			);
			path = Aplication;
			sourceTree = "<group>";
		};
		D9F8541824CDB00600722C0B /* Infrastucture */ = {
			isa = PBXGroup;
			children = (
				D9F8541A24CDB03400722C0B /* Networking+UseCases.swift */,
			);
			path = Infrastucture;
			sourceTree = "<group>";
		};
		D9F8541C24CDB0A300722C0B /* Service */ = {
			isa = PBXGroup;
			children = (
				D9F8547524CF100D00722C0B /* LocalStorage */,
				D9F8541D24CDB0B000722C0B /* User */,
			);
			path = Service;
			sourceTree = "<group>";
		};
		D9F8541D24CDB0B000722C0B /* User */ = {
			isa = PBXGroup;
			children = (
				D9F8541E24CDB0E600722C0B /* ListUserService.swift */,
			);
			path = User;
			sourceTree = "<group>";
		};
		D9F8542024CDB2D100722C0B /* Assembly */ = {
			isa = PBXGroup;
			children = (
				D9F8542124CDB30500722C0B /* Assembly.swift */,
			);
			path = Assembly;
			sourceTree = "<group>";
		};
		D9F8542324CDB86600722C0B /* ListUsers */ = {
			isa = PBXGroup;
			children = (
				D9F8542824CDB8BF00722C0B /* View */,
				D9F8542724CDB8AE00722C0B /* Presenter */,
				D9F8542624CDB88E00722C0B /* Interactor */,
				D9F8542524CDB88400722C0B /* Navigator */,
				D9F8542424CDB87700722C0B /* Infrastucture */,
			);
			path = ListUsers;
			sourceTree = "<group>";
		};
		D9F8542424CDB87700722C0B /* Infrastucture */ = {
			isa = PBXGroup;
			children = (
				D9F8542924CDB8F600722C0B /* Assembly+ListUsers.swift */,
			);
			path = Infrastucture;
			sourceTree = "<group>";
		};
		D9F8542524CDB88400722C0B /* Navigator */ = {
			isa = PBXGroup;
			children = (
				D9F8543D24CDBDED00722C0B /* Default */,
				D9F8543B24CDBDCC00722C0B /* ListUsersNavigator.swift */,
			);
			path = Navigator;
			sourceTree = "<group>";
		};
		D9F8542624CDB88E00722C0B /* Interactor */ = {
			isa = PBXGroup;
			children = (
				D9F8543124CDBBAF00722C0B /* Default */,
				D9F8542D24CDBB0B00722C0B /* ListUsersInteractor.swift */,
				D9F8542F24CDBB3000722C0B /* ListUsersInteractorDelegate.swift */,
			);
			path = Interactor;
			sourceTree = "<group>";
		};
		D9F8542724CDB8AE00722C0B /* Presenter */ = {
			isa = PBXGroup;
			children = (
				D9F8543824CDBD7400722C0B /* Default */,
				D9F8543424CDBCE200722C0B /* ListUsersPresenter.swift */,
				D9F8543624CDBD1E00722C0B /* ListUsersUI.swift */,
			);
			path = Presenter;
			sourceTree = "<group>";
		};
		D9F8542824CDB8BF00722C0B /* View */ = {
			isa = PBXGroup;
			children = (
				D9F8544724CDD21400722C0B /* Default */,
				D9F8542B24CDB96F00722C0B /* ListUsersViewController.swift */,
				D9F8544024CDD05300722C0B /* ListUsersView.swift */,
				D9F8544224CDD06500722C0B /* ListsUsersViewDelegate.swift */,
			);
			path = View;
			sourceTree = "<group>";
		};
		D9F8543124CDBBAF00722C0B /* Default */ = {
			isa = PBXGroup;
			children = (
				D9F8543224CDBBC100722C0B /* DefaultListUsersInteractor.swift */,
			);
			path = Default;
			sourceTree = "<group>";
		};
		D9F8543824CDBD7400722C0B /* Default */ = {
			isa = PBXGroup;
			children = (
				D9F8543924CDBD8D00722C0B /* DefaultListUsersPresenter.swift */,
			);
			path = Default;
			sourceTree = "<group>";
		};
		D9F8543D24CDBDED00722C0B /* Default */ = {
			isa = PBXGroup;
			children = (
				D9F8543E24CDBDF900722C0B /* DefaultListUsersNavigator.swift */,
			);
			path = Default;
			sourceTree = "<group>";
		};
		D9F8544424CDD14100722C0B /* DataSource */ = {
			isa = PBXGroup;
			children = (
				D9F8544A24CDD25300722C0B /* Cell */,
				D9F8544524CDD17200722C0B /* ListUsersDataSource.swift */,
			);
			path = DataSource;
			sourceTree = "<group>";
		};
		D9F8544724CDD21400722C0B /* Default */ = {
			isa = PBXGroup;
			children = (
				D9F8544424CDD14100722C0B /* DataSource */,
				D9F8544824CDD22500722C0B /* DefaultListUsersView.swift */,
			);
			path = Default;
			sourceTree = "<group>";
		};
		D9F8544A24CDD25300722C0B /* Cell */ = {
			isa = PBXGroup;
			children = (
				D9F8545124CDD44100722C0B /* ViewModel */,
				D9F8545224CDD52A00722C0B /* View */,
				D9F8544D24CDD39E00722C0B /* ListUserCell.swift */,
			);
			path = Cell;
			sourceTree = "<group>";
		};
		D9F8545124CDD44100722C0B /* ViewModel */ = {
			isa = PBXGroup;
			children = (
				D9F8544F24CDD43800722C0B /* ListUsersCellViewModel.swift */,
			);
			path = ViewModel;
			sourceTree = "<group>";
		};
		D9F8545224CDD52A00722C0B /* View */ = {
			isa = PBXGroup;
			children = (
				D9F8545324CDD53A00722C0B /* ListUserCellView.swift */,
			);
			path = View;
			sourceTree = "<group>";
		};
		D9F8545924CDF03000722C0B /* UserDetails */ = {
			isa = PBXGroup;
			children = (
				D9F8545B24CDF08900722C0B /* View */,
				D9F8546724CDFD0700722C0B /* Presenter */,
				D9F8545A24CDF08000722C0B /* Infrastucture */,
			);
			path = UserDetails;
			sourceTree = "<group>";
		};
		D9F8545A24CDF08000722C0B /* Infrastucture */ = {
			isa = PBXGroup;
			children = (
				D9F8546F24CDFE7500722C0B /* Assembly+UserDetails.swift */,
			);
			path = Infrastucture;
			sourceTree = "<group>";
		};
		D9F8545B24CDF08900722C0B /* View */ = {
			isa = PBXGroup;
			children = (
				D9F8546024CDF1BB00722C0B /* Default */,
				D9F8545C24CDF0C300722C0B /* UserDetailsViewController.swift */,
				D9F8545E24CDF10E00722C0B /* UserDetailsView.swift */,
			);
			path = View;
			sourceTree = "<group>";
		};
		D9F8546024CDF1BB00722C0B /* Default */ = {
			isa = PBXGroup;
			children = (
				D9F8546324CDF20600722C0B /* Subviews */,
				D9F8546124CDF1D700722C0B /* DefaultUserDetailsView.swift */,
			);
			path = Default;
			sourceTree = "<group>";
		};
		D9F8546324CDF20600722C0B /* Subviews */ = {
			isa = PBXGroup;
			children = (
				D9F8546424CDF21C00722C0B /* MapKitLocationView.swift */,
			);
			path = Subviews;
			sourceTree = "<group>";
		};
		D9F8546724CDFD0700722C0B /* Presenter */ = {
			isa = PBXGroup;
			children = (
				D9F8546C24CDFD6000722C0B /* Default */,
				D9F8546A24CDFD2500722C0B /* UserDetailsPresenter.swift */,
				D9F8546824CDFD1900722C0B /* UserDetailsUI.swift */,
			);
			path = Presenter;
			sourceTree = "<group>";
		};
		D9F8546C24CDFD6000722C0B /* Default */ = {
			isa = PBXGroup;
			children = (
				D9F8546D24CDFD7200722C0B /* DefaultUserDetailsPresenter.swift */,
			);
			path = Default;
			sourceTree = "<group>";
		};
		D9F8547524CF100D00722C0B /* LocalStorage */ = {
			isa = PBXGroup;
			children = (
				D915C93C24CF122600FECE7D /* LocalStorageService.swift */,
				D915C93B24CF120C00FECE7D /* CoreData */,
			);
			path = LocalStorage;
			sourceTree = "<group>";
		};
/* End PBXGroup section */

/* Begin PBXNativeTarget section */
		D9F8535424CC20BB00722C0B /* RandomUser */ = {
			isa = PBXNativeTarget;
			buildConfigurationList = D9F8537F24CC20C100722C0B /* Build configuration list for PBXNativeTarget "RandomUser" */;
			buildPhases = (
				019B2A73D657B5B6494291B9 /* [CP] Check Pods Manifest.lock */,
				D9F8539924CC37F300722C0B /* Environment variables */,
				D9F8539F24CC469300722C0B /* Sourcery */,
				D9F8535124CC20BB00722C0B /* Sources */,
				D9F8535224CC20BB00722C0B /* Frameworks */,
				D9F8535324CC20BB00722C0B /* Resources */,
				D9F8539424CC312E00722C0B /* Swiftlint */,
				4AFE1F3E1094DBDA5BF66F90 /* [CP] Embed Pods Frameworks */,
				D9F8547124CF0D7500722C0B /* Reset Environment Variables */,
			);
			buildRules = (
			);
			dependencies = (
			);
			name = RandomUser;
			productName = RandomUser;
			productReference = D9F8535524CC20BB00722C0B /* RandomUser.app */;
			productType = "com.apple.product-type.application";
		};
		D9F8536A24CC20C100722C0B /* RandomUserTests */ = {
			isa = PBXNativeTarget;
			buildConfigurationList = D9F8538224CC20C100722C0B /* Build configuration list for PBXNativeTarget "RandomUserTests" */;
			buildPhases = (
				C874E196CC897875A86AF291 /* [CP] Check Pods Manifest.lock */,
				D9F8536724CC20C100722C0B /* Sources */,
				D9F8536824CC20C100722C0B /* Frameworks */,
				D9F8536924CC20C100722C0B /* Resources */,
				41DA5CB607FACF765BA031DD /* [CP] Embed Pods Frameworks */,
			);
			buildRules = (
			);
			dependencies = (
				D9F8536D24CC20C100722C0B /* PBXTargetDependency */,
			);
			name = RandomUserTests;
			productName = RandomUserTests;
			productReference = D9F8536B24CC20C100722C0B /* RandomUserTests.xctest */;
			productType = "com.apple.product-type.bundle.unit-test";
		};
		D9F8537524CC20C100722C0B /* RandomUserUITests */ = {
			isa = PBXNativeTarget;
			buildConfigurationList = D9F8538524CC20C100722C0B /* Build configuration list for PBXNativeTarget "RandomUserUITests" */;
			buildPhases = (
				E8C8B8CC5D70E36B35275F2B /* [CP] Check Pods Manifest.lock */,
				D9F8537224CC20C100722C0B /* Sources */,
				D9F8537324CC20C100722C0B /* Frameworks */,
				D9F8537424CC20C100722C0B /* Resources */,
				51BC27DF06BB64BD2C26895E /* [CP] Embed Pods Frameworks */,
			);
			buildRules = (
			);
			dependencies = (
				D9F8537824CC20C100722C0B /* PBXTargetDependency */,
			);
			name = RandomUserUITests;
			productName = RandomUserUITests;
			productReference = D9F8537624CC20C100722C0B /* RandomUserUITests.xctest */;
			productType = "com.apple.product-type.bundle.ui-testing";
		};
/* End PBXNativeTarget section */

/* Begin PBXProject section */
		D9F8534D24CC20BB00722C0B /* Project object */ = {
			isa = PBXProject;
			attributes = {
				LastSwiftUpdateCheck = 1160;
				LastUpgradeCheck = 1160;
				ORGANIZATIONNAME = Mandaleo;
				TargetAttributes = {
					D9F8535424CC20BB00722C0B = {
						CreatedOnToolsVersion = 11.6;
						LastSwiftMigration = 1160;
					};
					D9F8536A24CC20C100722C0B = {
						CreatedOnToolsVersion = 11.6;
						TestTargetID = D9F8535424CC20BB00722C0B;
					};
					D9F8537524CC20C100722C0B = {
						CreatedOnToolsVersion = 11.6;
						TestTargetID = D9F8535424CC20BB00722C0B;
					};
				};
			};
			buildConfigurationList = D9F8535024CC20BB00722C0B /* Build configuration list for PBXProject "RandomUser" */;
			compatibilityVersion = "Xcode 9.3";
			developmentRegion = en;
			hasScannedForEncodings = 0;
			knownRegions = (
				en,
				Base,
			);
			mainGroup = D9F8534C24CC20BB00722C0B;
			productRefGroup = D9F8535624CC20BB00722C0B /* Products */;
			projectDirPath = "";
			projectRoot = "";
			targets = (
				D9F8535424CC20BB00722C0B /* RandomUser */,
				D9F8536A24CC20C100722C0B /* RandomUserTests */,
				D9F8537524CC20C100722C0B /* RandomUserUITests */,
			);
		};
/* End PBXProject section */

/* Begin PBXResourcesBuildPhase section */
		D9F8535324CC20BB00722C0B /* Resources */ = {
			isa = PBXResourcesBuildPhase;
			buildActionMask = 2147483647;
			files = (
				D9F8539124CC2A4B00722C0B /* LaunchScreen.storyboard in Resources */,
				D9F8539824CC37E600722C0B /* Environment.plist in Resources */,
				D9F8536224CC20C100722C0B /* Assets.xcassets in Resources */,
			);
			runOnlyForDeploymentPostprocessing = 0;
		};
		D9F8536924CC20C100722C0B /* Resources */ = {
			isa = PBXResourcesBuildPhase;
			buildActionMask = 2147483647;
			files = (
				D9F853B524CC6A1400722C0B /* list.users.ok.json in Resources */,
			);
			runOnlyForDeploymentPostprocessing = 0;
		};
		D9F8537424CC20C100722C0B /* Resources */ = {
			isa = PBXResourcesBuildPhase;
			buildActionMask = 2147483647;
			files = (
			);
			runOnlyForDeploymentPostprocessing = 0;
		};
/* End PBXResourcesBuildPhase section */

/* Begin PBXShellScriptBuildPhase section */
		019B2A73D657B5B6494291B9 /* [CP] Check Pods Manifest.lock */ = {
			isa = PBXShellScriptBuildPhase;
			buildActionMask = 2147483647;
			files = (
			);
			inputFileListPaths = (
			);
			inputPaths = (
				"${PODS_PODFILE_DIR_PATH}/Podfile.lock",
				"${PODS_ROOT}/Manifest.lock",
			);
			name = "[CP] Check Pods Manifest.lock";
			outputFileListPaths = (
			);
			outputPaths = (
				"$(DERIVED_FILE_DIR)/Pods-RandomUser-checkManifestLockResult.txt",
			);
			runOnlyForDeploymentPostprocessing = 0;
			shellPath = /bin/sh;
			shellScript = "diff \"${PODS_PODFILE_DIR_PATH}/Podfile.lock\" \"${PODS_ROOT}/Manifest.lock\" > /dev/null\nif [ $? != 0 ] ; then\n    # print error to STDERR\n    echo \"error: The sandbox is not in sync with the Podfile.lock. Run 'pod install' or update your CocoaPods installation.\" >&2\n    exit 1\nfi\n# This output is used by Xcode 'outputs' to avoid re-running this script phase.\necho \"SUCCESS\" > \"${SCRIPT_OUTPUT_FILE_0}\"\n";
			showEnvVarsInLog = 0;
		};
		41DA5CB607FACF765BA031DD /* [CP] Embed Pods Frameworks */ = {
			isa = PBXShellScriptBuildPhase;
			buildActionMask = 2147483647;
			files = (
			);
			inputFileListPaths = (
				"${PODS_ROOT}/Target Support Files/Pods-RandomUserTests/Pods-RandomUserTests-frameworks-${CONFIGURATION}-input-files.xcfilelist",
			);
			name = "[CP] Embed Pods Frameworks";
			outputFileListPaths = (
				"${PODS_ROOT}/Target Support Files/Pods-RandomUserTests/Pods-RandomUserTests-frameworks-${CONFIGURATION}-output-files.xcfilelist",
			);
			runOnlyForDeploymentPostprocessing = 0;
			shellPath = /bin/sh;
			shellScript = "\"${PODS_ROOT}/Target Support Files/Pods-RandomUserTests/Pods-RandomUserTests-frameworks.sh\"\n";
			showEnvVarsInLog = 0;
		};
		4AFE1F3E1094DBDA5BF66F90 /* [CP] Embed Pods Frameworks */ = {
			isa = PBXShellScriptBuildPhase;
			buildActionMask = 2147483647;
			files = (
			);
			inputFileListPaths = (
				"${PODS_ROOT}/Target Support Files/Pods-RandomUser/Pods-RandomUser-frameworks-${CONFIGURATION}-input-files.xcfilelist",
			);
			name = "[CP] Embed Pods Frameworks";
			outputFileListPaths = (
				"${PODS_ROOT}/Target Support Files/Pods-RandomUser/Pods-RandomUser-frameworks-${CONFIGURATION}-output-files.xcfilelist",
			);
			runOnlyForDeploymentPostprocessing = 0;
			shellPath = /bin/sh;
			shellScript = "\"${PODS_ROOT}/Target Support Files/Pods-RandomUser/Pods-RandomUser-frameworks.sh\"\n";
			showEnvVarsInLog = 0;
		};
		51BC27DF06BB64BD2C26895E /* [CP] Embed Pods Frameworks */ = {
			isa = PBXShellScriptBuildPhase;
			buildActionMask = 2147483647;
			files = (
			);
			inputFileListPaths = (
				"${PODS_ROOT}/Target Support Files/Pods-RandomUser-RandomUserUITests/Pods-RandomUser-RandomUserUITests-frameworks-${CONFIGURATION}-input-files.xcfilelist",
			);
			name = "[CP] Embed Pods Frameworks";
			outputFileListPaths = (
				"${PODS_ROOT}/Target Support Files/Pods-RandomUser-RandomUserUITests/Pods-RandomUser-RandomUserUITests-frameworks-${CONFIGURATION}-output-files.xcfilelist",
			);
			runOnlyForDeploymentPostprocessing = 0;
			shellPath = /bin/sh;
			shellScript = "\"${PODS_ROOT}/Target Support Files/Pods-RandomUser-RandomUserUITests/Pods-RandomUser-RandomUserUITests-frameworks.sh\"\n";
			showEnvVarsInLog = 0;
		};
		C874E196CC897875A86AF291 /* [CP] Check Pods Manifest.lock */ = {
			isa = PBXShellScriptBuildPhase;
			buildActionMask = 2147483647;
			files = (
			);
			inputFileListPaths = (
			);
			inputPaths = (
				"${PODS_PODFILE_DIR_PATH}/Podfile.lock",
				"${PODS_ROOT}/Manifest.lock",
			);
			name = "[CP] Check Pods Manifest.lock";
			outputFileListPaths = (
			);
			outputPaths = (
				"$(DERIVED_FILE_DIR)/Pods-RandomUserTests-checkManifestLockResult.txt",
			);
			runOnlyForDeploymentPostprocessing = 0;
			shellPath = /bin/sh;
			shellScript = "diff \"${PODS_PODFILE_DIR_PATH}/Podfile.lock\" \"${PODS_ROOT}/Manifest.lock\" > /dev/null\nif [ $? != 0 ] ; then\n    # print error to STDERR\n    echo \"error: The sandbox is not in sync with the Podfile.lock. Run 'pod install' or update your CocoaPods installation.\" >&2\n    exit 1\nfi\n# This output is used by Xcode 'outputs' to avoid re-running this script phase.\necho \"SUCCESS\" > \"${SCRIPT_OUTPUT_FILE_0}\"\n";
			showEnvVarsInLog = 0;
		};
		D9F8539424CC312E00722C0B /* Swiftlint */ = {
			isa = PBXShellScriptBuildPhase;
			buildActionMask = 2147483647;
			files = (
			);
			inputFileListPaths = (
			);
			inputPaths = (
			);
			name = Swiftlint;
			outputFileListPaths = (
			);
			outputPaths = (
			);
			runOnlyForDeploymentPostprocessing = 0;
			shellPath = /bin/sh;
			shellScript = "if which swiftlint >/dev/null; then\nswiftlint\nelse\necho \"warning: SwiftLint not installed, download from https://github.com/realm/SwiftLint\"\nfi\n";
		};
		D9F8539924CC37F300722C0B /* Environment variables */ = {
			isa = PBXShellScriptBuildPhase;
			buildActionMask = 2147483647;
			files = (
			);
			inputFileListPaths = (
			);
			inputPaths = (
			);
			name = "Environment variables";
			outputFileListPaths = (
			);
			outputPaths = (
			);
			runOnlyForDeploymentPostprocessing = 0;
			shellPath = /bin/sh;
			shellScript = "FILE=${SRCROOT}/.env.sh\n#FILE=${SRCROOT}/.env.prod.sh\n\nif [ -f $FILE ]; then\n  $FILE\nelse\n  echo \"Environment file does not exist\"\nfi\n";
		};
		D9F8539F24CC469300722C0B /* Sourcery */ = {
			isa = PBXShellScriptBuildPhase;
			buildActionMask = 2147483647;
			files = (
			);
			inputFileListPaths = (
			);
			inputPaths = (
			);
			name = Sourcery;
			outputFileListPaths = (
			);
			outputPaths = (
			);
			runOnlyForDeploymentPostprocessing = 0;
			shellPath = /bin/sh;
			shellScript = "$PODS_ROOT/Sourcery/bin/sourcery --sources ./ --templates ./Templates/Sourcery --output ./RandomUserTests/AutoMockable\n";
		};
		D9F8547124CF0D7500722C0B /* Reset Environment Variables */ = {
			isa = PBXShellScriptBuildPhase;
			buildActionMask = 2147483647;
			files = (
			);
			inputFileListPaths = (
			);
			inputPaths = (
			);
			name = "Reset Environment Variables";
			outputFileListPaths = (
			);
			outputPaths = (
			);
			runOnlyForDeploymentPostprocessing = 0;
			shellPath = /bin/sh;
			shellScript = "if [ -f ${SRCROOT}/.env.sh ] || [ -f ${SRCROOT}/.env.stg.sh] || [ -f ${SRCROOT}/.env.prod.sh ] ; then\n  git checkout ${SRCROOT}/RandomUser/Networking/Infrasctruture/Environment/Environment.plist\nelse\n  echo \"Environment file does not exist\"\nfi\n";
		};
		E8C8B8CC5D70E36B35275F2B /* [CP] Check Pods Manifest.lock */ = {
			isa = PBXShellScriptBuildPhase;
			buildActionMask = 2147483647;
			files = (
			);
			inputFileListPaths = (
			);
			inputPaths = (
				"${PODS_PODFILE_DIR_PATH}/Podfile.lock",
				"${PODS_ROOT}/Manifest.lock",
			);
			name = "[CP] Check Pods Manifest.lock";
			outputFileListPaths = (
			);
			outputPaths = (
				"$(DERIVED_FILE_DIR)/Pods-RandomUser-RandomUserUITests-checkManifestLockResult.txt",
			);
			runOnlyForDeploymentPostprocessing = 0;
			shellPath = /bin/sh;
			shellScript = "diff \"${PODS_PODFILE_DIR_PATH}/Podfile.lock\" \"${PODS_ROOT}/Manifest.lock\" > /dev/null\nif [ $? != 0 ] ; then\n    # print error to STDERR\n    echo \"error: The sandbox is not in sync with the Podfile.lock. Run 'pod install' or update your CocoaPods installation.\" >&2\n    exit 1\nfi\n# This output is used by Xcode 'outputs' to avoid re-running this script phase.\necho \"SUCCESS\" > \"${SCRIPT_OUTPUT_FILE_0}\"\n";
			showEnvVarsInLog = 0;
		};
/* End PBXShellScriptBuildPhase section */

/* Begin PBXSourcesBuildPhase section */
		D9F8535124CC20BB00722C0B /* Sources */ = {
			isa = PBXSourcesBuildPhase;
			buildActionMask = 2147483647;
			files = (
				D9F8545F24CDF10E00722C0B /* UserDetailsView.swift in Sources */,
				D9F853F924CC8D3900722C0B /* ListUsers.swift in Sources */,
				D9F8543524CDBCE200722C0B /* ListUsersPresenter.swift in Sources */,
				D9F853E024CC7AF000722C0B /* UserApiResponse.swift in Sources */,
				D9F853D024CC76ED00722C0B /* UserRepository.swift in Sources */,
				D915C93D24CF122600FECE7D /* LocalStorageService.swift in Sources */,
				D9F8543F24CDBDF900722C0B /* DefaultListUsersNavigator.swift in Sources */,
				D9F8535924CC20BB00722C0B /* AppDelegate.swift in Sources */,
				D9F8541624CDAF9100722C0B /* ListUser.swift in Sources */,
				D9F8544124CDD05300722C0B /* ListUsersView.swift in Sources */,
				D9F853F524CC890B00722C0B /* ListUserApiToDomainMapper.swift in Sources */,
				D9F8546B24CDFD2500722C0B /* UserDetailsPresenter.swift in Sources */,
				D9F8543024CDBB3000722C0B /* ListUsersInteractorDelegate.swift in Sources */,
				D9F853EB24CC7E9C00722C0B /* RegisteredApiResponse.swift in Sources */,
				D9F8545624CDE72A00722C0B /* UIImageView+Round.swift in Sources */,
				D9F8541B24CDB03400722C0B /* Networking+UseCases.swift in Sources */,
				D9F853BD24CC6DB000722C0B /* Service.swift in Sources */,
				D915C94F24D065A700FECE7D /* Icon.swift in Sources */,
				D9F8543C24CDBDCC00722C0B /* ListUsersNavigator.swift in Sources */,
				D9F8544324CDD06500722C0B /* ListsUsersViewDelegate.swift in Sources */,
				D9F8542C24CDB96F00722C0B /* ListUsersViewController.swift in Sources */,
				D915C95224D0669B00FECE7D /* Spacing.swift in Sources */,
				D9F8540624CC933300722C0B /* Moya+Networking.swift in Sources */,
				D9F853C024CC6E9500722C0B /* Endpoint.swift in Sources */,
				D9F853F724CC8BC600722C0B /* Mappable.swift in Sources */,
				D9F8544924CDD22500722C0B /* DefaultListUsersView.swift in Sources */,
				D9F8546E24CDFD7200722C0B /* DefaultUserDetailsPresenter.swift in Sources */,
				D9F8545D24CDF0C300722C0B /* UserDetailsViewController.swift in Sources */,
				D9F8543724CDBD1E00722C0B /* ListUsersUI.swift in Sources */,
				D9F8542E24CDBB0B00722C0B /* ListUsersInteractor.swift in Sources */,
				D9F853ED24CC7F3900722C0B /* PictureApiResponse.swift in Sources */,
				D9F8545424CDD53A00722C0B /* ListUserCellView.swift in Sources */,
				D9F853F024CC859000722C0B /* CLLocationCoordinate2D+Optional.swift in Sources */,
				D9F8545824CDEEEC00722C0B /* String+Image.swift in Sources */,
				D9F8546924CDFD1900722C0B /* UserDetailsUI.swift in Sources */,
				D9F8541324CDACF500722C0B /* ListUsersUseCase.swift in Sources */,
				D9F8539E24CC3B3800722C0B /* Environment.swift in Sources */,
				D9F8544624CDD17200722C0B /* ListUsersDataSource.swift in Sources */,
				D9F8547024CDFE7500722C0B /* Assembly+UserDetails.swift in Sources */,
				D9F853DE24CC799800722C0B /* InfoApiResponse.swift in Sources */,
				D9F853F224CC867C00722C0B /* String+Date.swift in Sources */,
				D9F8546524CDF21C00722C0B /* MapKitLocationView.swift in Sources */,
				D915C94124CF16AD00FECE7D /* RUser+ CoreData.swift in Sources */,
				D9F853CD24CC710700722C0B /* ListUsersRequest.swift in Sources */,
				D9F853DC24CC788800722C0B /* ListUsersApiResponse.swift in Sources */,
				D9F8541F24CDB0E600722C0B /* ListUserService.swift in Sources */,
				D9F8545024CDD43800722C0B /* ListUsersCellViewModel.swift in Sources */,
				D9F853A324CC4ACE00722C0B /* AutoMockable.swift in Sources */,
				D9F8543A24CDBD8D00722C0B /* DefaultListUsersPresenter.swift in Sources */,
				D915C95524D067A900FECE7D /* RFont.swift in Sources */,
				D9F853D324CC773900722C0B /* User.swift in Sources */,
				D9F8543324CDBBC100722C0B /* DefaultListUsersInteractor.swift in Sources */,
				D9F853BA24CC6B5200722C0B /* UserService.swift in Sources */,
				D9F853D624CC777100722C0B /* UserDataSource.swift in Sources */,
				D9F853E924CC7DBB00722C0B /* StreetApiResponse.swift in Sources */,
				D9F853C624CC6F7500722C0B /* ListUsersEndpoint.swift in Sources */,
				D915C94424CF178C00FECE7D /* Model.xcdatamodeld in Sources */,
				D9F8544C24CDD2BA00722C0B /* UITableView+Identifeable.swift in Sources */,
				D9F8542A24CDB8F600722C0B /* Assembly+ListUsers.swift in Sources */,
				D9F8546224CDF1D700722C0B /* DefaultUserDetailsView.swift in Sources */,
				D9F853E724CC7D5100722C0B /* CoordinatesApiResponse.swift in Sources */,
				D9F8547724CF102600722C0B /* CoreDataService.swift in Sources */,
				D9F853D924CC77F900722C0B /* UserApiDataSource.swift in Sources */,
				D9F8539324CC2AC900722C0B /* SceneDelegate.swift in Sources */,
				D9F8542224CDB30500722C0B /* Assembly.swift in Sources */,
				D9F8540324CC910100722C0B /* Networking.swift in Sources */,
				D9F853E524CC7C3F00722C0B /* LocationApiResponse.swift in Sources */,
				D9F8544E24CDD39E00722C0B /* ListUserCell.swift in Sources */,
				D9F853E324CC7B5E00722C0B /* UserNameApiResponse.swift in Sources */,
			);
			runOnlyForDeploymentPostprocessing = 0;
		};
		D9F8536724CC20C100722C0B /* Sources */ = {
			isa = PBXSourcesBuildPhase;
			buildActionMask = 2147483647;
			files = (
				D9F853FF24CC906600722C0B /* UserRepositorySpec.swift in Sources */,
				D9F853B124CC4C6A00722C0B /* AutoMockable.generated.swift in Sources */,
				D9F8540A24CC94A000722C0B /* Fixture.swift in Sources */,
				D9F8540F24CC96C900722C0B /* TestSetup.swift in Sources */,
			);
			runOnlyForDeploymentPostprocessing = 0;
		};
		D9F8537224CC20C100722C0B /* Sources */ = {
			isa = PBXSourcesBuildPhase;
			buildActionMask = 2147483647;
			files = (
				D9F8537B24CC20C100722C0B /* RandomUserUITests.swift in Sources */,
			);
			runOnlyForDeploymentPostprocessing = 0;
		};
/* End PBXSourcesBuildPhase section */

/* Begin PBXTargetDependency section */
		D9F8536D24CC20C100722C0B /* PBXTargetDependency */ = {
			isa = PBXTargetDependency;
			target = D9F8535424CC20BB00722C0B /* RandomUser */;
			targetProxy = D9F8536C24CC20C100722C0B /* PBXContainerItemProxy */;
		};
		D9F8537824CC20C100722C0B /* PBXTargetDependency */ = {
			isa = PBXTargetDependency;
			target = D9F8535424CC20BB00722C0B /* RandomUser */;
			targetProxy = D9F8537724CC20C100722C0B /* PBXContainerItemProxy */;
		};
/* End PBXTargetDependency section */

/* Begin PBXVariantGroup section */
		D9F8536324CC20C100722C0B /* LaunchScreen.storyboard */ = {
			isa = PBXVariantGroup;
			children = (
				D9F8536424CC20C100722C0B /* Base */,
			);
			name = LaunchScreen.storyboard;
			sourceTree = "<group>";
		};
/* End PBXVariantGroup section */

/* Begin XCBuildConfiguration section */
		D9F8537D24CC20C100722C0B /* Debug */ = {
			isa = XCBuildConfiguration;
			buildSettings = {
				ALWAYS_SEARCH_USER_PATHS = NO;
				CLANG_ANALYZER_NONNULL = YES;
				CLANG_ANALYZER_NUMBER_OBJECT_CONVERSION = YES_AGGRESSIVE;
				CLANG_CXX_LANGUAGE_STANDARD = "gnu++14";
				CLANG_CXX_LIBRARY = "libc++";
				CLANG_ENABLE_MODULES = YES;
				CLANG_ENABLE_OBJC_ARC = YES;
				CLANG_ENABLE_OBJC_WEAK = YES;
				CLANG_WARN_BLOCK_CAPTURE_AUTORELEASING = YES;
				CLANG_WARN_BOOL_CONVERSION = YES;
				CLANG_WARN_COMMA = YES;
				CLANG_WARN_CONSTANT_CONVERSION = YES;
				CLANG_WARN_DEPRECATED_OBJC_IMPLEMENTATIONS = YES;
				CLANG_WARN_DIRECT_OBJC_ISA_USAGE = YES_ERROR;
				CLANG_WARN_DOCUMENTATION_COMMENTS = YES;
				CLANG_WARN_EMPTY_BODY = YES;
				CLANG_WARN_ENUM_CONVERSION = YES;
				CLANG_WARN_INFINITE_RECURSION = YES;
				CLANG_WARN_INT_CONVERSION = YES;
				CLANG_WARN_NON_LITERAL_NULL_CONVERSION = YES;
				CLANG_WARN_OBJC_IMPLICIT_RETAIN_SELF = YES;
				CLANG_WARN_OBJC_LITERAL_CONVERSION = YES;
				CLANG_WARN_OBJC_ROOT_CLASS = YES_ERROR;
				CLANG_WARN_RANGE_LOOP_ANALYSIS = YES;
				CLANG_WARN_STRICT_PROTOTYPES = YES;
				CLANG_WARN_SUSPICIOUS_MOVE = YES;
				CLANG_WARN_UNGUARDED_AVAILABILITY = YES_AGGRESSIVE;
				CLANG_WARN_UNREACHABLE_CODE = YES;
				CLANG_WARN__DUPLICATE_METHOD_MATCH = YES;
				COPY_PHASE_STRIP = NO;
				DEBUG_INFORMATION_FORMAT = dwarf;
				ENABLE_STRICT_OBJC_MSGSEND = YES;
				ENABLE_TESTABILITY = YES;
				GCC_C_LANGUAGE_STANDARD = gnu11;
				GCC_DYNAMIC_NO_PIC = NO;
				GCC_NO_COMMON_BLOCKS = YES;
				GCC_OPTIMIZATION_LEVEL = 0;
				GCC_PREPROCESSOR_DEFINITIONS = (
					"DEBUG=1",
					"$(inherited)",
				);
				GCC_WARN_64_TO_32_BIT_CONVERSION = YES;
				GCC_WARN_ABOUT_RETURN_TYPE = YES_ERROR;
				GCC_WARN_UNDECLARED_SELECTOR = YES;
				GCC_WARN_UNINITIALIZED_AUTOS = YES_AGGRESSIVE;
				GCC_WARN_UNUSED_FUNCTION = YES;
				GCC_WARN_UNUSED_VARIABLE = YES;
				IPHONEOS_DEPLOYMENT_TARGET = 13.6;
				MTL_ENABLE_DEBUG_INFO = INCLUDE_SOURCE;
				MTL_FAST_MATH = YES;
				ONLY_ACTIVE_ARCH = YES;
				SDKROOT = iphoneos;
				SWIFT_ACTIVE_COMPILATION_CONDITIONS = DEBUG;
				SWIFT_OPTIMIZATION_LEVEL = "-Onone";
			};
			name = Debug;
		};
		D9F8537E24CC20C100722C0B /* Release */ = {
			isa = XCBuildConfiguration;
			buildSettings = {
				ALWAYS_SEARCH_USER_PATHS = NO;
				CLANG_ANALYZER_NONNULL = YES;
				CLANG_ANALYZER_NUMBER_OBJECT_CONVERSION = YES_AGGRESSIVE;
				CLANG_CXX_LANGUAGE_STANDARD = "gnu++14";
				CLANG_CXX_LIBRARY = "libc++";
				CLANG_ENABLE_MODULES = YES;
				CLANG_ENABLE_OBJC_ARC = YES;
				CLANG_ENABLE_OBJC_WEAK = YES;
				CLANG_WARN_BLOCK_CAPTURE_AUTORELEASING = YES;
				CLANG_WARN_BOOL_CONVERSION = YES;
				CLANG_WARN_COMMA = YES;
				CLANG_WARN_CONSTANT_CONVERSION = YES;
				CLANG_WARN_DEPRECATED_OBJC_IMPLEMENTATIONS = YES;
				CLANG_WARN_DIRECT_OBJC_ISA_USAGE = YES_ERROR;
				CLANG_WARN_DOCUMENTATION_COMMENTS = YES;
				CLANG_WARN_EMPTY_BODY = YES;
				CLANG_WARN_ENUM_CONVERSION = YES;
				CLANG_WARN_INFINITE_RECURSION = YES;
				CLANG_WARN_INT_CONVERSION = YES;
				CLANG_WARN_NON_LITERAL_NULL_CONVERSION = YES;
				CLANG_WARN_OBJC_IMPLICIT_RETAIN_SELF = YES;
				CLANG_WARN_OBJC_LITERAL_CONVERSION = YES;
				CLANG_WARN_OBJC_ROOT_CLASS = YES_ERROR;
				CLANG_WARN_RANGE_LOOP_ANALYSIS = YES;
				CLANG_WARN_STRICT_PROTOTYPES = YES;
				CLANG_WARN_SUSPICIOUS_MOVE = YES;
				CLANG_WARN_UNGUARDED_AVAILABILITY = YES_AGGRESSIVE;
				CLANG_WARN_UNREACHABLE_CODE = YES;
				CLANG_WARN__DUPLICATE_METHOD_MATCH = YES;
				COPY_PHASE_STRIP = NO;
				DEBUG_INFORMATION_FORMAT = "dwarf-with-dsym";
				ENABLE_NS_ASSERTIONS = NO;
				ENABLE_STRICT_OBJC_MSGSEND = YES;
				GCC_C_LANGUAGE_STANDARD = gnu11;
				GCC_NO_COMMON_BLOCKS = YES;
				GCC_WARN_64_TO_32_BIT_CONVERSION = YES;
				GCC_WARN_ABOUT_RETURN_TYPE = YES_ERROR;
				GCC_WARN_UNDECLARED_SELECTOR = YES;
				GCC_WARN_UNINITIALIZED_AUTOS = YES_AGGRESSIVE;
				GCC_WARN_UNUSED_FUNCTION = YES;
				GCC_WARN_UNUSED_VARIABLE = YES;
				IPHONEOS_DEPLOYMENT_TARGET = 13.6;
				MTL_ENABLE_DEBUG_INFO = NO;
				MTL_FAST_MATH = YES;
				SDKROOT = iphoneos;
				SWIFT_COMPILATION_MODE = wholemodule;
				SWIFT_OPTIMIZATION_LEVEL = "-O";
				VALIDATE_PRODUCT = YES;
			};
			name = Release;
		};
		D9F8538024CC20C100722C0B /* Debug */ = {
			isa = XCBuildConfiguration;
			baseConfigurationReference = 3D5C5347E12EDD5C3B0137E1 /* Pods-RandomUser.debug.xcconfig */;
			buildSettings = {
				ASSETCATALOG_COMPILER_APPICON_NAME = AppIcon;
				CLANG_ENABLE_MODULES = YES;
				CODE_SIGN_STYLE = Automatic;
				DEVELOPMENT_TEAM = BUS8BGZ883;
				INFOPLIST_FILE = RandomUser/App/Info.plist;
				LD_RUNPATH_SEARCH_PATHS = (
					"$(inherited)",
					"@executable_path/Frameworks",
				);
				PRODUCT_BUNDLE_IDENTIFIER = com.mandaleo.RandomUser;
				PRODUCT_NAME = "$(TARGET_NAME)";
				SWIFT_OBJC_BRIDGING_HEADER = "RandomUser/App/RandomUser-Bridging-Header.h";
				SWIFT_OPTIMIZATION_LEVEL = "-Onone";
				SWIFT_VERSION = 5.0;
				TARGETED_DEVICE_FAMILY = 1;
			};
			name = Debug;
		};
		D9F8538124CC20C100722C0B /* Release */ = {
			isa = XCBuildConfiguration;
			baseConfigurationReference = 47CD61C1F9C4158C85C31ACC /* Pods-RandomUser.release.xcconfig */;
			buildSettings = {
				ASSETCATALOG_COMPILER_APPICON_NAME = AppIcon;
				CLANG_ENABLE_MODULES = YES;
				CODE_SIGN_STYLE = Automatic;
				DEVELOPMENT_TEAM = BUS8BGZ883;
				INFOPLIST_FILE = RandomUser/App/Info.plist;
				LD_RUNPATH_SEARCH_PATHS = (
					"$(inherited)",
					"@executable_path/Frameworks",
				);
				PRODUCT_BUNDLE_IDENTIFIER = com.mandaleo.RandomUser;
				PRODUCT_NAME = "$(TARGET_NAME)";
				SWIFT_OBJC_BRIDGING_HEADER = "RandomUser/App/RandomUser-Bridging-Header.h";
				SWIFT_VERSION = 5.0;
				TARGETED_DEVICE_FAMILY = 1;
			};
			name = Release;
		};
		D9F8538324CC20C100722C0B /* Debug */ = {
			isa = XCBuildConfiguration;
			baseConfigurationReference = 4703EBDD1ADD28BE66958BD1 /* Pods-RandomUserTests.debug.xcconfig */;
			buildSettings = {
				ALWAYS_EMBED_SWIFT_STANDARD_LIBRARIES = YES;
				BUNDLE_LOADER = "$(TEST_HOST)";
				CODE_SIGN_STYLE = Automatic;
				DEVELOPMENT_TEAM = BUS8BGZ883;
				INFOPLIST_FILE = RandomUserTests/Info.plist;
				IPHONEOS_DEPLOYMENT_TARGET = 13.6;
				LD_RUNPATH_SEARCH_PATHS = (
					"$(inherited)",
					"@executable_path/Frameworks",
					"@loader_path/Frameworks",
				);
				PRODUCT_BUNDLE_IDENTIFIER = com.mandaleo.RandomUserTests;
				PRODUCT_NAME = "$(TARGET_NAME)";
				SWIFT_VERSION = 5.0;
				TARGETED_DEVICE_FAMILY = "1,2";
				TEST_HOST = "$(BUILT_PRODUCTS_DIR)/RandomUser.app/RandomUser";
			};
			name = Debug;
		};
		D9F8538424CC20C100722C0B /* Release */ = {
			isa = XCBuildConfiguration;
			baseConfigurationReference = 7FD2FC40E8DF2DEE2CA91EAF /* Pods-RandomUserTests.release.xcconfig */;
			buildSettings = {
				ALWAYS_EMBED_SWIFT_STANDARD_LIBRARIES = YES;
				BUNDLE_LOADER = "$(TEST_HOST)";
				CODE_SIGN_STYLE = Automatic;
				DEVELOPMENT_TEAM = BUS8BGZ883;
				INFOPLIST_FILE = RandomUserTests/Info.plist;
				IPHONEOS_DEPLOYMENT_TARGET = 13.6;
				LD_RUNPATH_SEARCH_PATHS = (
					"$(inherited)",
					"@executable_path/Frameworks",
					"@loader_path/Frameworks",
				);
				PRODUCT_BUNDLE_IDENTIFIER = com.mandaleo.RandomUserTests;
				PRODUCT_NAME = "$(TARGET_NAME)";
				SWIFT_VERSION = 5.0;
				TARGETED_DEVICE_FAMILY = "1,2";
				TEST_HOST = "$(BUILT_PRODUCTS_DIR)/RandomUser.app/RandomUser";
			};
			name = Release;
		};
		D9F8538624CC20C100722C0B /* Debug */ = {
			isa = XCBuildConfiguration;
			baseConfigurationReference = 21081C79A1E412945B7BE230 /* Pods-RandomUser-RandomUserUITests.debug.xcconfig */;
			buildSettings = {
				ALWAYS_EMBED_SWIFT_STANDARD_LIBRARIES = YES;
				CODE_SIGN_STYLE = Automatic;
				DEVELOPMENT_TEAM = BUS8BGZ883;
				INFOPLIST_FILE = RandomUserUITests/Info.plist;
				LD_RUNPATH_SEARCH_PATHS = (
					"$(inherited)",
					"@executable_path/Frameworks",
					"@loader_path/Frameworks",
				);
				PRODUCT_BUNDLE_IDENTIFIER = com.mandaleo.RandomUserUITests;
				PRODUCT_NAME = "$(TARGET_NAME)";
				SWIFT_VERSION = 5.0;
				TARGETED_DEVICE_FAMILY = "1,2";
				TEST_TARGET_NAME = RandomUser;
			};
			name = Debug;
		};
		D9F8538724CC20C100722C0B /* Release */ = {
			isa = XCBuildConfiguration;
			baseConfigurationReference = B4CCC88CCF8229D128F7430D /* Pods-RandomUser-RandomUserUITests.release.xcconfig */;
			buildSettings = {
				ALWAYS_EMBED_SWIFT_STANDARD_LIBRARIES = YES;
				CODE_SIGN_STYLE = Automatic;
				DEVELOPMENT_TEAM = BUS8BGZ883;
				INFOPLIST_FILE = RandomUserUITests/Info.plist;
				LD_RUNPATH_SEARCH_PATHS = (
					"$(inherited)",
					"@executable_path/Frameworks",
					"@loader_path/Frameworks",
				);
				PRODUCT_BUNDLE_IDENTIFIER = com.mandaleo.RandomUserUITests;
				PRODUCT_NAME = "$(TARGET_NAME)";
				SWIFT_VERSION = 5.0;
				TARGETED_DEVICE_FAMILY = "1,2";
				TEST_TARGET_NAME = RandomUser;
			};
			name = Release;
		};
/* End XCBuildConfiguration section */

/* Begin XCConfigurationList section */
		D9F8535024CC20BB00722C0B /* Build configuration list for PBXProject "RandomUser" */ = {
			isa = XCConfigurationList;
			buildConfigurations = (
				D9F8537D24CC20C100722C0B /* Debug */,
				D9F8537E24CC20C100722C0B /* Release */,
			);
			defaultConfigurationIsVisible = 0;
			defaultConfigurationName = Release;
		};
		D9F8537F24CC20C100722C0B /* Build configuration list for PBXNativeTarget "RandomUser" */ = {
			isa = XCConfigurationList;
			buildConfigurations = (
				D9F8538024CC20C100722C0B /* Debug */,
				D9F8538124CC20C100722C0B /* Release */,
			);
			defaultConfigurationIsVisible = 0;
			defaultConfigurationName = Release;
		};
		D9F8538224CC20C100722C0B /* Build configuration list for PBXNativeTarget "RandomUserTests" */ = {
			isa = XCConfigurationList;
			buildConfigurations = (
				D9F8538324CC20C100722C0B /* Debug */,
				D9F8538424CC20C100722C0B /* Release */,
			);
			defaultConfigurationIsVisible = 0;
			defaultConfigurationName = Release;
		};
		D9F8538524CC20C100722C0B /* Build configuration list for PBXNativeTarget "RandomUserUITests" */ = {
			isa = XCConfigurationList;
			buildConfigurations = (
				D9F8538624CC20C100722C0B /* Debug */,
				D9F8538724CC20C100722C0B /* Release */,
			);
			defaultConfigurationIsVisible = 0;
			defaultConfigurationName = Release;
		};
/* End XCConfigurationList section */

/* Begin XCVersionGroup section */
		D915C94224CF178C00FECE7D /* Model.xcdatamodeld */ = {
			isa = XCVersionGroup;
			children = (
				D915C94324CF178C00FECE7D /* Model.xcdatamodel */,
			);
			currentVersion = D915C94324CF178C00FECE7D /* Model.xcdatamodel */;
			path = Model.xcdatamodeld;
			sourceTree = "<group>";
			versionGroupType = wrapper.xcdatamodel;
		};
/* End XCVersionGroup section */
	};
	rootObject = D9F8534D24CC20BB00722C0B /* Project object */;
}
